// !$*UTF8*$!
{
	archiveVersion = 1;
	classes = {
	};
	objectVersion = 60;
	objects = {

/* Begin PBXBuildFile section */
		3628CEB82BBBCD06008346C5 /* AppDelegate.swift in Sources */ = {isa = PBXBuildFile; fileRef = 3628CEB72BBBCD06008346C5 /* AppDelegate.swift */; };
		3628CEBA2BBBCD06008346C5 /* SceneDelegate.swift in Sources */ = {isa = PBXBuildFile; fileRef = 3628CEB92BBBCD06008346C5 /* SceneDelegate.swift */; };
		3628CEBC2BBBCD06008346C5 /* RootViewController.swift in Sources */ = {isa = PBXBuildFile; fileRef = 3628CEBB2BBBCD06008346C5 /* RootViewController.swift */; };
		3628CEBF2BBBCD06008346C5 /* Base in Resources */ = {isa = PBXBuildFile; fileRef = 3628CEBE2BBBCD06008346C5 /* Base */; };
		3628CEC12BBBCD08008346C5 /* Assets.xcassets in Resources */ = {isa = PBXBuildFile; fileRef = 3628CEC02BBBCD08008346C5 /* Assets.xcassets */; };
		3628CEC42BBBCD08008346C5 /* Base in Resources */ = {isa = PBXBuildFile; fileRef = 3628CEC32BBBCD08008346C5 /* Base */; };
		3628CEEA2BBBE738008346C5 /* Main.storyboard in Resources */ = {isa = PBXBuildFile; fileRef = 3628CEBD2BBBCD06008346C5 /* Main.storyboard */; };
		3628CEEC2BBBFD26008346C5 /* FormContainerViewController.swift in Sources */ = {isa = PBXBuildFile; fileRef = 3628CEEB2BBBFD26008346C5 /* FormContainerViewController.swift */; };
		36BAA1CC2C7DB33F00E29987 /* Joyfill in Frameworks */ = {isa = PBXBuildFile; productRef = 36BAA1CB2C7DB33F00E29987 /* Joyfill */; };
		36BAA1CF2C7DB48E00E29987 /* JoyfillModel in Frameworks */ = {isa = PBXBuildFile; productRef = 36BAA1CE2C7DB48E00E29987 /* JoyfillModel */; };
		36BAA1D22C7DB76500E29987 /* JoyfillAPIService in Frameworks */ = {isa = PBXBuildFile; productRef = 36BAA1D12C7DB76500E29987 /* JoyfillAPIService */; };
/* End PBXBuildFile section */

/* Begin PBXContainerItemProxy section */
		3628CECB2BBBCD08008346C5 /* PBXContainerItemProxy */ = {
			isa = PBXContainerItemProxy;
			containerPortal = 3628CEAC2BBBCD06008346C5 /* Project object */;
			proxyType = 1;
			remoteGlobalIDString = 3628CEB32BBBCD06008346C5;
			remoteInfo = JoyfillUIKitExample;
		};
		3628CED52BBBCD08008346C5 /* PBXContainerItemProxy */ = {
			isa = PBXContainerItemProxy;
			containerPortal = 3628CEAC2BBBCD06008346C5 /* Project object */;
			proxyType = 1;
			remoteGlobalIDString = 3628CEB32BBBCD06008346C5;
			remoteInfo = JoyfillUIKitExample;
		};
/* End PBXContainerItemProxy section */

/* Begin PBXFileReference section */
		3628CEB42BBBCD06008346C5 /* JoyfillUIKitExample.app */ = {isa = PBXFileReference; explicitFileType = wrapper.application; includeInIndex = 0; path = JoyfillUIKitExample.app; sourceTree = BUILT_PRODUCTS_DIR; };
		3628CEB72BBBCD06008346C5 /* AppDelegate.swift */ = {isa = PBXFileReference; lastKnownFileType = sourcecode.swift; path = AppDelegate.swift; sourceTree = "<group>"; };
		3628CEB92BBBCD06008346C5 /* SceneDelegate.swift */ = {isa = PBXFileReference; lastKnownFileType = sourcecode.swift; path = SceneDelegate.swift; sourceTree = "<group>"; };
		3628CEBB2BBBCD06008346C5 /* RootViewController.swift */ = {isa = PBXFileReference; lastKnownFileType = sourcecode.swift; path = RootViewController.swift; sourceTree = "<group>"; };
		3628CEBE2BBBCD06008346C5 /* Base */ = {isa = PBXFileReference; lastKnownFileType = file.storyboard; name = Base; path = Base.lproj/Main.storyboard; sourceTree = "<group>"; };
		3628CEC02BBBCD08008346C5 /* Assets.xcassets */ = {isa = PBXFileReference; lastKnownFileType = folder.assetcatalog; path = Assets.xcassets; sourceTree = "<group>"; };
		3628CEC32BBBCD08008346C5 /* Base */ = {isa = PBXFileReference; lastKnownFileType = file.storyboard; name = Base; path = Base.lproj/LaunchScreen.storyboard; sourceTree = "<group>"; };
		3628CEC52BBBCD08008346C5 /* Info.plist */ = {isa = PBXFileReference; lastKnownFileType = text.plist.xml; path = Info.plist; sourceTree = "<group>"; };
		3628CECA2BBBCD08008346C5 /* JoyfillUIKitExampleTests.xctest */ = {isa = PBXFileReference; explicitFileType = wrapper.cfbundle; includeInIndex = 0; path = JoyfillUIKitExampleTests.xctest; sourceTree = BUILT_PRODUCTS_DIR; };
		3628CED42BBBCD08008346C5 /* JoyfillUIKitExampleUITests.xctest */ = {isa = PBXFileReference; explicitFileType = wrapper.cfbundle; includeInIndex = 0; path = JoyfillUIKitExampleUITests.xctest; sourceTree = BUILT_PRODUCTS_DIR; };
		3628CEEB2BBBFD26008346C5 /* FormContainerViewController.swift */ = {isa = PBXFileReference; lastKnownFileType = sourcecode.swift; path = FormContainerViewController.swift; sourceTree = "<group>"; };
/* End PBXFileReference section */

/* Begin PBXFrameworksBuildPhase section */
		3628CEB12BBBCD06008346C5 /* Frameworks */ = {
			isa = PBXFrameworksBuildPhase;
			buildActionMask = 2147483647;
			files = (
				36BAA1CF2C7DB48E00E29987 /* JoyfillModel in Frameworks */,
				36BAA1D22C7DB76500E29987 /* JoyfillAPIService in Frameworks */,
				36BAA1CC2C7DB33F00E29987 /* Joyfill in Frameworks */,
			);
			runOnlyForDeploymentPostprocessing = 0;
		};
		3628CEC72BBBCD08008346C5 /* Frameworks */ = {
			isa = PBXFrameworksBuildPhase;
			buildActionMask = 2147483647;
			files = (
			);
			runOnlyForDeploymentPostprocessing = 0;
		};
		3628CED12BBBCD08008346C5 /* Frameworks */ = {
			isa = PBXFrameworksBuildPhase;
			buildActionMask = 2147483647;
			files = (
			);
			runOnlyForDeploymentPostprocessing = 0;
		};
/* End PBXFrameworksBuildPhase section */

/* Begin PBXGroup section */
		3628CEAB2BBBCD06008346C5 = {
			isa = PBXGroup;
			children = (
				3628CEB62BBBCD06008346C5 /* JoyfillUIKitExample */,
				3628CEB52BBBCD06008346C5 /* Products */,
				36BAA1C82C7DB33800E29987 /* Frameworks */,
			);
			sourceTree = "<group>";
		};
		3628CEB52BBBCD06008346C5 /* Products */ = {
			isa = PBXGroup;
			children = (
				3628CEB42BBBCD06008346C5 /* JoyfillUIKitExample.app */,
				3628CECA2BBBCD08008346C5 /* JoyfillUIKitExampleTests.xctest */,
				3628CED42BBBCD08008346C5 /* JoyfillUIKitExampleUITests.xctest */,
			);
			name = Products;
			sourceTree = "<group>";
		};
		3628CEB62BBBCD06008346C5 /* JoyfillUIKitExample */ = {
			isa = PBXGroup;
			children = (
				3628CEB72BBBCD06008346C5 /* AppDelegate.swift */,
				3628CEB92BBBCD06008346C5 /* SceneDelegate.swift */,
				3628CEBB2BBBCD06008346C5 /* RootViewController.swift */,
				3628CEEB2BBBFD26008346C5 /* FormContainerViewController.swift */,
				3628CEBD2BBBCD06008346C5 /* Main.storyboard */,
				3628CEC02BBBCD08008346C5 /* Assets.xcassets */,
				3628CEC22BBBCD08008346C5 /* LaunchScreen.storyboard */,
				3628CEC52BBBCD08008346C5 /* Info.plist */,
			);
			path = JoyfillUIKitExample;
			sourceTree = "<group>";
		};
		36BAA1C82C7DB33800E29987 /* Frameworks */ = {
			isa = PBXGroup;
			children = (
			);
			name = Frameworks;
			sourceTree = "<group>";
		};
/* End PBXGroup section */

/* Begin PBXNativeTarget section */
		3628CEB32BBBCD06008346C5 /* JoyfillUIKitExample */ = {
			isa = PBXNativeTarget;
			buildConfigurationList = 3628CEDE2BBBCD08008346C5 /* Build configuration list for PBXNativeTarget "JoyfillUIKitExample" */;
			buildPhases = (
				3628CEB02BBBCD06008346C5 /* Sources */,
				3628CEB12BBBCD06008346C5 /* Frameworks */,
				3628CEB22BBBCD06008346C5 /* Resources */,
			);
			buildRules = (
			);
			dependencies = (
			);
			name = JoyfillUIKitExample;
			packageProductDependencies = (
				36BAA1CB2C7DB33F00E29987 /* Joyfill */,
				36BAA1CE2C7DB48E00E29987 /* JoyfillModel */,
				36BAA1D12C7DB76500E29987 /* JoyfillAPIService */,
			);
			productName = JoyfillUIKitExample;
			productReference = 3628CEB42BBBCD06008346C5 /* JoyfillUIKitExample.app */;
			productType = "com.apple.product-type.application";
		};
		3628CEC92BBBCD08008346C5 /* JoyfillUIKitExampleTests */ = {
			isa = PBXNativeTarget;
			buildConfigurationList = 3628CEE12BBBCD08008346C5 /* Build configuration list for PBXNativeTarget "JoyfillUIKitExampleTests" */;
			buildPhases = (
				3628CEC62BBBCD08008346C5 /* Sources */,
				3628CEC72BBBCD08008346C5 /* Frameworks */,
				3628CEC82BBBCD08008346C5 /* Resources */,
			);
			buildRules = (
			);
			dependencies = (
				3628CECC2BBBCD08008346C5 /* PBXTargetDependency */,
			);
			name = JoyfillUIKitExampleTests;
			productName = JoyfillUIKitExampleTests;
			productReference = 3628CECA2BBBCD08008346C5 /* JoyfillUIKitExampleTests.xctest */;
			productType = "com.apple.product-type.bundle.unit-test";
		};
		3628CED32BBBCD08008346C5 /* JoyfillUIKitExampleUITests */ = {
			isa = PBXNativeTarget;
			buildConfigurationList = 3628CEE42BBBCD08008346C5 /* Build configuration list for PBXNativeTarget "JoyfillUIKitExampleUITests" */;
			buildPhases = (
				3628CED02BBBCD08008346C5 /* Sources */,
				3628CED12BBBCD08008346C5 /* Frameworks */,
				3628CED22BBBCD08008346C5 /* Resources */,
			);
			buildRules = (
			);
			dependencies = (
				3628CED62BBBCD08008346C5 /* PBXTargetDependency */,
			);
			name = JoyfillUIKitExampleUITests;
			productName = JoyfillUIKitExampleUITests;
			productReference = 3628CED42BBBCD08008346C5 /* JoyfillUIKitExampleUITests.xctest */;
			productType = "com.apple.product-type.bundle.ui-testing";
		};
/* End PBXNativeTarget section */

/* Begin PBXProject section */
		3628CEAC2BBBCD06008346C5 /* Project object */ = {
			isa = PBXProject;
			attributes = {
				BuildIndependentTargetsInParallel = 1;
				LastSwiftUpdateCheck = 1530;
				LastUpgradeCheck = 1530;
				TargetAttributes = {
					3628CEB32BBBCD06008346C5 = {
						CreatedOnToolsVersion = 15.3;
					};
					3628CEC92BBBCD08008346C5 = {
						CreatedOnToolsVersion = 15.3;
						TestTargetID = 3628CEB32BBBCD06008346C5;
					};
					3628CED32BBBCD08008346C5 = {
						CreatedOnToolsVersion = 15.3;
						TestTargetID = 3628CEB32BBBCD06008346C5;
					};
				};
			};
			buildConfigurationList = 3628CEAF2BBBCD06008346C5 /* Build configuration list for PBXProject "JoyfillUIKitExample" */;
			compatibilityVersion = "Xcode 14.0";
			developmentRegion = en;
			hasScannedForEncodings = 0;
			knownRegions = (
				en,
				Base,
			);
			mainGroup = 3628CEAB2BBBCD06008346C5;
			packageReferences = (
				36ABF6262C7DB14500F1AE3F /* XCLocalSwiftPackageReference ".." */,
				36BAA1CD2C7DB48E00E29987 /* XCLocalSwiftPackageReference "../../JoyfillModel" */,
				36BAA1D02C7DB76500E29987 /* XCRemoteSwiftPackageReference "JoyfillAPIService" */,
			);
			productRefGroup = 3628CEB52BBBCD06008346C5 /* Products */;
			projectDirPath = "";
			projectRoot = "";
			targets = (
				3628CEB32BBBCD06008346C5 /* JoyfillUIKitExample */,
				3628CEC92BBBCD08008346C5 /* JoyfillUIKitExampleTests */,
				3628CED32BBBCD08008346C5 /* JoyfillUIKitExampleUITests */,
			);
		};
/* End PBXProject section */

/* Begin PBXResourcesBuildPhase section */
		3628CEB22BBBCD06008346C5 /* Resources */ = {
			isa = PBXResourcesBuildPhase;
			buildActionMask = 2147483647;
			files = (
				3628CEC12BBBCD08008346C5 /* Assets.xcassets in Resources */,
				3628CEC42BBBCD08008346C5 /* Base in Resources */,
				3628CEBF2BBBCD06008346C5 /* Base in Resources */,
				3628CEEA2BBBE738008346C5 /* Main.storyboard in Resources */,
			);
			runOnlyForDeploymentPostprocessing = 0;
		};
		3628CEC82BBBCD08008346C5 /* Resources */ = {
			isa = PBXResourcesBuildPhase;
			buildActionMask = 2147483647;
			files = (
			);
			runOnlyForDeploymentPostprocessing = 0;
		};
		3628CED22BBBCD08008346C5 /* Resources */ = {
			isa = PBXResourcesBuildPhase;
			buildActionMask = 2147483647;
			files = (
			);
			runOnlyForDeploymentPostprocessing = 0;
		};
/* End PBXResourcesBuildPhase section */

/* Begin PBXSourcesBuildPhase section */
		3628CEB02BBBCD06008346C5 /* Sources */ = {
			isa = PBXSourcesBuildPhase;
			buildActionMask = 2147483647;
			files = (
				3628CEBC2BBBCD06008346C5 /* RootViewController.swift in Sources */,
				3628CEB82BBBCD06008346C5 /* AppDelegate.swift in Sources */,
				3628CEEC2BBBFD26008346C5 /* FormContainerViewController.swift in Sources */,
				3628CEBA2BBBCD06008346C5 /* SceneDelegate.swift in Sources */,
			);
			runOnlyForDeploymentPostprocessing = 0;
		};
		3628CEC62BBBCD08008346C5 /* Sources */ = {
			isa = PBXSourcesBuildPhase;
			buildActionMask = 2147483647;
			files = (
			);
			runOnlyForDeploymentPostprocessing = 0;
		};
		3628CED02BBBCD08008346C5 /* Sources */ = {
			isa = PBXSourcesBuildPhase;
			buildActionMask = 2147483647;
			files = (
			);
			runOnlyForDeploymentPostprocessing = 0;
		};
/* End PBXSourcesBuildPhase section */

/* Begin PBXTargetDependency section */
		3628CECC2BBBCD08008346C5 /* PBXTargetDependency */ = {
			isa = PBXTargetDependency;
			target = 3628CEB32BBBCD06008346C5 /* JoyfillUIKitExample */;
			targetProxy = 3628CECB2BBBCD08008346C5 /* PBXContainerItemProxy */;
		};
		3628CED62BBBCD08008346C5 /* PBXTargetDependency */ = {
			isa = PBXTargetDependency;
			target = 3628CEB32BBBCD06008346C5 /* JoyfillUIKitExample */;
			targetProxy = 3628CED52BBBCD08008346C5 /* PBXContainerItemProxy */;
		};
/* End PBXTargetDependency section */

/* Begin PBXVariantGroup section */
		3628CEBD2BBBCD06008346C5 /* Main.storyboard */ = {
			isa = PBXVariantGroup;
			children = (
				3628CEBE2BBBCD06008346C5 /* Base */,
			);
			name = Main.storyboard;
			sourceTree = "<group>";
		};
		3628CEC22BBBCD08008346C5 /* LaunchScreen.storyboard */ = {
			isa = PBXVariantGroup;
			children = (
				3628CEC32BBBCD08008346C5 /* Base */,
			);
			name = LaunchScreen.storyboard;
			sourceTree = "<group>";
		};
/* End PBXVariantGroup section */

/* Begin XCBuildConfiguration section */
		3628CEDC2BBBCD08008346C5 /* Debug */ = {
			isa = XCBuildConfiguration;
			buildSettings = {
				ALWAYS_SEARCH_USER_PATHS = NO;
				ASSETCATALOG_COMPILER_GENERATE_SWIFT_ASSET_SYMBOL_EXTENSIONS = YES;
				CLANG_ANALYZER_NONNULL = YES;
				CLANG_ANALYZER_NUMBER_OBJECT_CONVERSION = YES_AGGRESSIVE;
				CLANG_CXX_LANGUAGE_STANDARD = "gnu++20";
				CLANG_ENABLE_MODULES = YES;
				CLANG_ENABLE_OBJC_ARC = YES;
				CLANG_ENABLE_OBJC_WEAK = YES;
				CLANG_WARN_BLOCK_CAPTURE_AUTORELEASING = YES;
				CLANG_WARN_BOOL_CONVERSION = YES;
				CLANG_WARN_COMMA = YES;
				CLANG_WARN_CONSTANT_CONVERSION = YES;
				CLANG_WARN_DEPRECATED_OBJC_IMPLEMENTATIONS = YES;
				CLANG_WARN_DIRECT_OBJC_ISA_USAGE = YES_ERROR;
				CLANG_WARN_DOCUMENTATION_COMMENTS = YES;
				CLANG_WARN_EMPTY_BODY = YES;
				CLANG_WARN_ENUM_CONVERSION = YES;
				CLANG_WARN_INFINITE_RECURSION = YES;
				CLANG_WARN_INT_CONVERSION = YES;
				CLANG_WARN_NON_LITERAL_NULL_CONVERSION = YES;
				CLANG_WARN_OBJC_IMPLICIT_RETAIN_SELF = YES;
				CLANG_WARN_OBJC_LITERAL_CONVERSION = YES;
				CLANG_WARN_OBJC_ROOT_CLASS = YES_ERROR;
				CLANG_WARN_QUOTED_INCLUDE_IN_FRAMEWORK_HEADER = YES;
				CLANG_WARN_RANGE_LOOP_ANALYSIS = YES;
				CLANG_WARN_STRICT_PROTOTYPES = YES;
				CLANG_WARN_SUSPICIOUS_MOVE = YES;
				CLANG_WARN_UNGUARDED_AVAILABILITY = YES_AGGRESSIVE;
				CLANG_WARN_UNREACHABLE_CODE = YES;
				CLANG_WARN__DUPLICATE_METHOD_MATCH = YES;
				COPY_PHASE_STRIP = NO;
				DEBUG_INFORMATION_FORMAT = dwarf;
				ENABLE_STRICT_OBJC_MSGSEND = YES;
				ENABLE_TESTABILITY = YES;
				ENABLE_USER_SCRIPT_SANDBOXING = YES;
				GCC_C_LANGUAGE_STANDARD = gnu17;
				GCC_DYNAMIC_NO_PIC = NO;
				GCC_NO_COMMON_BLOCKS = YES;
				GCC_OPTIMIZATION_LEVEL = 0;
				GCC_PREPROCESSOR_DEFINITIONS = (
					"DEBUG=1",
					"$(inherited)",
				);
				GCC_WARN_64_TO_32_BIT_CONVERSION = YES;
				GCC_WARN_ABOUT_RETURN_TYPE = YES_ERROR;
				GCC_WARN_UNDECLARED_SELECTOR = YES;
				GCC_WARN_UNINITIALIZED_AUTOS = YES_AGGRESSIVE;
				GCC_WARN_UNUSED_FUNCTION = YES;
				GCC_WARN_UNUSED_VARIABLE = YES;
				IPHONEOS_DEPLOYMENT_TARGET = 17.4;
				LOCALIZATION_PREFERS_STRING_CATALOGS = YES;
				MTL_ENABLE_DEBUG_INFO = INCLUDE_SOURCE;
				MTL_FAST_MATH = YES;
				ONLY_ACTIVE_ARCH = YES;
				SDKROOT = iphoneos;
				SWIFT_ACTIVE_COMPILATION_CONDITIONS = "DEBUG $(inherited)";
				SWIFT_OPTIMIZATION_LEVEL = "-Onone";
			};
			name = Debug;
		};
		3628CEDD2BBBCD08008346C5 /* Release */ = {
			isa = XCBuildConfiguration;
			buildSettings = {
				ALWAYS_SEARCH_USER_PATHS = NO;
				ASSETCATALOG_COMPILER_GENERATE_SWIFT_ASSET_SYMBOL_EXTENSIONS = YES;
				CLANG_ANALYZER_NONNULL = YES;
				CLANG_ANALYZER_NUMBER_OBJECT_CONVERSION = YES_AGGRESSIVE;
				CLANG_CXX_LANGUAGE_STANDARD = "gnu++20";
				CLANG_ENABLE_MODULES = YES;
				CLANG_ENABLE_OBJC_ARC = YES;
				CLANG_ENABLE_OBJC_WEAK = YES;
				CLANG_WARN_BLOCK_CAPTURE_AUTORELEASING = YES;
				CLANG_WARN_BOOL_CONVERSION = YES;
				CLANG_WARN_COMMA = YES;
				CLANG_WARN_CONSTANT_CONVERSION = YES;
				CLANG_WARN_DEPRECATED_OBJC_IMPLEMENTATIONS = YES;
				CLANG_WARN_DIRECT_OBJC_ISA_USAGE = YES_ERROR;
				CLANG_WARN_DOCUMENTATION_COMMENTS = YES;
				CLANG_WARN_EMPTY_BODY = YES;
				CLANG_WARN_ENUM_CONVERSION = YES;
				CLANG_WARN_INFINITE_RECURSION = YES;
				CLANG_WARN_INT_CONVERSION = YES;
				CLANG_WARN_NON_LITERAL_NULL_CONVERSION = YES;
				CLANG_WARN_OBJC_IMPLICIT_RETAIN_SELF = YES;
				CLANG_WARN_OBJC_LITERAL_CONVERSION = YES;
				CLANG_WARN_OBJC_ROOT_CLASS = YES_ERROR;
				CLANG_WARN_QUOTED_INCLUDE_IN_FRAMEWORK_HEADER = YES;
				CLANG_WARN_RANGE_LOOP_ANALYSIS = YES;
				CLANG_WARN_STRICT_PROTOTYPES = YES;
				CLANG_WARN_SUSPICIOUS_MOVE = YES;
				CLANG_WARN_UNGUARDED_AVAILABILITY = YES_AGGRESSIVE;
				CLANG_WARN_UNREACHABLE_CODE = YES;
				CLANG_WARN__DUPLICATE_METHOD_MATCH = YES;
				COPY_PHASE_STRIP = NO;
				DEBUG_INFORMATION_FORMAT = "dwarf-with-dsym";
				ENABLE_NS_ASSERTIONS = NO;
				ENABLE_STRICT_OBJC_MSGSEND = YES;
				ENABLE_USER_SCRIPT_SANDBOXING = YES;
				GCC_C_LANGUAGE_STANDARD = gnu17;
				GCC_NO_COMMON_BLOCKS = YES;
				GCC_WARN_64_TO_32_BIT_CONVERSION = YES;
				GCC_WARN_ABOUT_RETURN_TYPE = YES_ERROR;
				GCC_WARN_UNDECLARED_SELECTOR = YES;
				GCC_WARN_UNINITIALIZED_AUTOS = YES_AGGRESSIVE;
				GCC_WARN_UNUSED_FUNCTION = YES;
				GCC_WARN_UNUSED_VARIABLE = YES;
				IPHONEOS_DEPLOYMENT_TARGET = 17.4;
				LOCALIZATION_PREFERS_STRING_CATALOGS = YES;
				MTL_ENABLE_DEBUG_INFO = NO;
				MTL_FAST_MATH = YES;
				SDKROOT = iphoneos;
				SWIFT_COMPILATION_MODE = wholemodule;
				VALIDATE_PRODUCT = YES;
			};
			name = Release;
		};
		3628CEDF2BBBCD08008346C5 /* Debug */ = {
			isa = XCBuildConfiguration;
			buildSettings = {
				ASSETCATALOG_COMPILER_APPICON_NAME = AppIcon;
				ASSETCATALOG_COMPILER_GLOBAL_ACCENT_COLOR_NAME = AccentColor;
				CODE_SIGN_STYLE = Automatic;
				CURRENT_PROJECT_VERSION = 1;
				GENERATE_INFOPLIST_FILE = YES;
				INFOPLIST_FILE = JoyfillUIKitExample/Info.plist;
				INFOPLIST_KEY_UIApplicationSupportsIndirectInputEvents = YES;
				INFOPLIST_KEY_UILaunchStoryboardName = LaunchScreen;
				INFOPLIST_KEY_UIMainStoryboardFile = Main;
				INFOPLIST_KEY_UISupportedInterfaceOrientations_iPad = "UIInterfaceOrientationPortrait UIInterfaceOrientationPortraitUpsideDown UIInterfaceOrientationLandscapeLeft UIInterfaceOrientationLandscapeRight";
				INFOPLIST_KEY_UISupportedInterfaceOrientations_iPhone = "UIInterfaceOrientationPortrait UIInterfaceOrientationLandscapeLeft UIInterfaceOrientationLandscapeRight";
				LD_RUNPATH_SEARCH_PATHS = (
					"$(inherited)",
					"@executable_path/Frameworks",
				);
				MARKETING_VERSION = 1.0;
				PRODUCT_BUNDLE_IDENTIFIER = Joyfill.JoyfillUIKitExample;
				PRODUCT_NAME = "$(TARGET_NAME)";
				SWIFT_EMIT_LOC_STRINGS = YES;
				SWIFT_VERSION = 5.0;
				TARGETED_DEVICE_FAMILY = "1,2";
			};
			name = Debug;
		};
		3628CEE02BBBCD08008346C5 /* Release */ = {
			isa = XCBuildConfiguration;
			buildSettings = {
				ASSETCATALOG_COMPILER_APPICON_NAME = AppIcon;
				ASSETCATALOG_COMPILER_GLOBAL_ACCENT_COLOR_NAME = AccentColor;
				CODE_SIGN_STYLE = Automatic;
				CURRENT_PROJECT_VERSION = 1;
				GENERATE_INFOPLIST_FILE = YES;
				INFOPLIST_FILE = JoyfillUIKitExample/Info.plist;
				INFOPLIST_KEY_UIApplicationSupportsIndirectInputEvents = YES;
				INFOPLIST_KEY_UILaunchStoryboardName = LaunchScreen;
				INFOPLIST_KEY_UIMainStoryboardFile = Main;
				INFOPLIST_KEY_UISupportedInterfaceOrientations_iPad = "UIInterfaceOrientationPortrait UIInterfaceOrientationPortraitUpsideDown UIInterfaceOrientationLandscapeLeft UIInterfaceOrientationLandscapeRight";
				INFOPLIST_KEY_UISupportedInterfaceOrientations_iPhone = "UIInterfaceOrientationPortrait UIInterfaceOrientationLandscapeLeft UIInterfaceOrientationLandscapeRight";
				LD_RUNPATH_SEARCH_PATHS = (
					"$(inherited)",
					"@executable_path/Frameworks",
				);
				MARKETING_VERSION = 1.0;
				PRODUCT_BUNDLE_IDENTIFIER = Joyfill.JoyfillUIKitExample;
				PRODUCT_NAME = "$(TARGET_NAME)";
				SWIFT_EMIT_LOC_STRINGS = YES;
				SWIFT_VERSION = 5.0;
				TARGETED_DEVICE_FAMILY = "1,2";
			};
			name = Release;
		};
		3628CEE22BBBCD08008346C5 /* Debug */ = {
			isa = XCBuildConfiguration;
			buildSettings = {
				ALWAYS_EMBED_SWIFT_STANDARD_LIBRARIES = YES;
				BUNDLE_LOADER = "$(TEST_HOST)";
				CODE_SIGN_STYLE = Automatic;
				CURRENT_PROJECT_VERSION = 1;
				GENERATE_INFOPLIST_FILE = YES;
				IPHONEOS_DEPLOYMENT_TARGET = 17.4;
				MARKETING_VERSION = 1.0;
				PRODUCT_BUNDLE_IDENTIFIER = Joyfill.JoyfillUIKitExampleTests;
				PRODUCT_NAME = "$(TARGET_NAME)";
				SWIFT_EMIT_LOC_STRINGS = NO;
				SWIFT_VERSION = 5.0;
				TARGETED_DEVICE_FAMILY = "1,2";
				TEST_HOST = "$(BUILT_PRODUCTS_DIR)/JoyfillUIKitExample.app/$(BUNDLE_EXECUTABLE_FOLDER_PATH)/JoyfillUIKitExample";
			};
			name = Debug;
		};
		3628CEE32BBBCD08008346C5 /* Release */ = {
			isa = XCBuildConfiguration;
			buildSettings = {
				ALWAYS_EMBED_SWIFT_STANDARD_LIBRARIES = YES;
				BUNDLE_LOADER = "$(TEST_HOST)";
				CODE_SIGN_STYLE = Automatic;
				CURRENT_PROJECT_VERSION = 1;
				GENERATE_INFOPLIST_FILE = YES;
				IPHONEOS_DEPLOYMENT_TARGET = 17.4;
				MARKETING_VERSION = 1.0;
				PRODUCT_BUNDLE_IDENTIFIER = Joyfill.JoyfillUIKitExampleTests;
				PRODUCT_NAME = "$(TARGET_NAME)";
				SWIFT_EMIT_LOC_STRINGS = NO;
				SWIFT_VERSION = 5.0;
				TARGETED_DEVICE_FAMILY = "1,2";
				TEST_HOST = "$(BUILT_PRODUCTS_DIR)/JoyfillUIKitExample.app/$(BUNDLE_EXECUTABLE_FOLDER_PATH)/JoyfillUIKitExample";
			};
			name = Release;
		};
		3628CEE52BBBCD08008346C5 /* Debug */ = {
			isa = XCBuildConfiguration;
			buildSettings = {
				ALWAYS_EMBED_SWIFT_STANDARD_LIBRARIES = YES;
				CODE_SIGN_STYLE = Automatic;
				CURRENT_PROJECT_VERSION = 1;
				GENERATE_INFOPLIST_FILE = YES;
				MARKETING_VERSION = 1.0;
				PRODUCT_BUNDLE_IDENTIFIER = Joyfill.JoyfillUIKitExampleUITests;
				PRODUCT_NAME = "$(TARGET_NAME)";
				SWIFT_EMIT_LOC_STRINGS = NO;
				SWIFT_VERSION = 5.0;
				TARGETED_DEVICE_FAMILY = "1,2";
				TEST_TARGET_NAME = JoyfillUIKitExample;
			};
			name = Debug;
		};
		3628CEE62BBBCD08008346C5 /* Release */ = {
			isa = XCBuildConfiguration;
			buildSettings = {
				ALWAYS_EMBED_SWIFT_STANDARD_LIBRARIES = YES;
				CODE_SIGN_STYLE = Automatic;
				CURRENT_PROJECT_VERSION = 1;
				GENERATE_INFOPLIST_FILE = YES;
				MARKETING_VERSION = 1.0;
				PRODUCT_BUNDLE_IDENTIFIER = Joyfill.JoyfillUIKitExampleUITests;
				PRODUCT_NAME = "$(TARGET_NAME)";
				SWIFT_EMIT_LOC_STRINGS = NO;
				SWIFT_VERSION = 5.0;
				TARGETED_DEVICE_FAMILY = "1,2";
				TEST_TARGET_NAME = JoyfillUIKitExample;
			};
			name = Release;
		};
/* End XCBuildConfiguration section */

/* Begin XCConfigurationList section */
		3628CEAF2BBBCD06008346C5 /* Build configuration list for PBXProject "JoyfillUIKitExample" */ = {
			isa = XCConfigurationList;
			buildConfigurations = (
				3628CEDC2BBBCD08008346C5 /* Debug */,
				3628CEDD2BBBCD08008346C5 /* Release */,
			);
			defaultConfigurationIsVisible = 0;
			defaultConfigurationName = Release;
		};
		3628CEDE2BBBCD08008346C5 /* Build configuration list for PBXNativeTarget "JoyfillUIKitExample" */ = {
			isa = XCConfigurationList;
			buildConfigurations = (
				3628CEDF2BBBCD08008346C5 /* Debug */,
				3628CEE02BBBCD08008346C5 /* Release */,
			);
			defaultConfigurationIsVisible = 0;
			defaultConfigurationName = Release;
		};
		3628CEE12BBBCD08008346C5 /* Build configuration list for PBXNativeTarget "JoyfillUIKitExampleTests" */ = {
			isa = XCConfigurationList;
			buildConfigurations = (
				3628CEE22BBBCD08008346C5 /* Debug */,
				3628CEE32BBBCD08008346C5 /* Release */,
			);
			defaultConfigurationIsVisible = 0;
			defaultConfigurationName = Release;
		};
		3628CEE42BBBCD08008346C5 /* Build configuration list for PBXNativeTarget "JoyfillUIKitExampleUITests" */ = {
			isa = XCConfigurationList;
			buildConfigurations = (
				3628CEE52BBBCD08008346C5 /* Debug */,
				3628CEE62BBBCD08008346C5 /* Release */,
			);
			defaultConfigurationIsVisible = 0;
			defaultConfigurationName = Release;
		};
/* End XCConfigurationList section */

/* Begin XCLocalSwiftPackageReference section */
		36ABF6262C7DB14500F1AE3F /* XCLocalSwiftPackageReference ".." */ = {
			isa = XCLocalSwiftPackageReference;
			relativePath = ..;
		};
		36BAA1CD2C7DB48E00E29987 /* XCLocalSwiftPackageReference "../../JoyfillModel" */ = {
			isa = XCLocalSwiftPackageReference;
			relativePath = ../../JoyfillModel;
		};
/* End XCLocalSwiftPackageReference section */

/* Begin XCRemoteSwiftPackageReference section */
		36BAA1D02C7DB76500E29987 /* XCRemoteSwiftPackageReference "JoyfillAPIService" */ = {
			isa = XCRemoteSwiftPackageReference;
			repositoryURL = "https://github.com/joyfill/JoyfillAPIService";
			requirement = {
				kind = upToNextMajorVersion;
				minimumVersion = 1.0.5;
			};
		};
/* End XCRemoteSwiftPackageReference section */

/* Begin XCSwiftPackageProductDependency section */
		36BAA1CB2C7DB33F00E29987 /* Joyfill */ = {
			isa = XCSwiftPackageProductDependency;
			package = 36ABF6262C7DB14500F1AE3F /* XCLocalSwiftPackageReference ".." */;
			productName = Joyfill;
		};
		36BAA1CE2C7DB48E00E29987 /* JoyfillModel */ = {
			isa = XCSwiftPackageProductDependency;
			productName = JoyfillModel;
		};
		36BAA1D12C7DB76500E29987 /* JoyfillAPIService */ = {
			isa = XCSwiftPackageProductDependency;
			package = 36BAA1D02C7DB76500E29987 /* XCRemoteSwiftPackageReference "JoyfillAPIService" */;
			productName = JoyfillAPIService;
		};
/* End XCSwiftPackageProductDependency section */
	};
	rootObject = 3628CEAC2BBBCD06008346C5 /* Project object */;
}
