// !$*UTF8*$!
{
	archiveVersion = 1;
	classes = {
	};
	objectVersion = 60;
	objects = {

/* Begin PBXBuildFile section */
		0448AE092D0C45AD00754EA0 /* ValidationTestCase.swift in Sources */ = {isa = PBXBuildFile; fileRef = 0448AE082D0C45AD00754EA0 /* ValidationTestCase.swift */; };
		045B41842D19BD8500F3D6C1 /* TableNewColumns.json in Resources */ = {isa = PBXBuildFile; fileRef = 045B41832D19BD8500F3D6C1 /* TableNewColumns.json */; };
		045B41862D19BEAB00F3D6C1 /* TableNumber_Block_DateFieldTest.swift in Sources */ = {isa = PBXBuildFile; fileRef = 045B41852D19BEAB00F3D6C1 /* TableNumber_Block_DateFieldTest.swift */; };
		048149FA2CDA8F8E0061FBDC /* JoyfillModel in Frameworks */ = {isa = PBXBuildFile; productRef = 048149F92CDA8F8E0061FBDC /* JoyfillModel */; };
		048149FD2CDA8F9A0061FBDC /* JoyfillAPIService in Frameworks */ = {isa = PBXBuildFile; productRef = 048149FC2CDA8F9A0061FBDC /* JoyfillAPIService */; };
		048149FF2CDA901F0061FBDC /* UserAccessTokenTextFieldView.swift in Sources */ = {isa = PBXBuildFile; fileRef = 048149FE2CDA901F0061FBDC /* UserAccessTokenTextFieldView.swift */; };
		04814A052CDA912F0061FBDC /* SelectionFieldHidePageLogicTests.swift in Sources */ = {isa = PBXBuildFile; fileRef = 04814A022CDA912F0061FBDC /* SelectionFieldHidePageLogicTests.swift */; };
		04814A062CDA912F0061FBDC /* SelectionFieldShowPageLogicTests.swift in Sources */ = {isa = PBXBuildFile; fileRef = 04814A042CDA912F0061FBDC /* SelectionFieldShowPageLogicTests.swift */; };
		04814A072CDA912F0061FBDC /* SelectionFieldLogicTests.swift in Sources */ = {isa = PBXBuildFile; fileRef = 04814A032CDA912F0061FBDC /* SelectionFieldLogicTests.swift */; };
		1307CF0D2BDB7E0700B19FBA /* Joydocjson.json in Resources */ = {isa = PBXBuildFile; fileRef = 1307CF0C2BDB7E0700B19FBA /* Joydocjson.json */; };
		1307CF0E2BDBC77600B19FBA /* Joydocjson.json in Resources */ = {isa = PBXBuildFile; fileRef = 1307CF0C2BDB7E0700B19FBA /* Joydocjson.json */; };
		1307CF122BE1290800B19FBA /* JoyDoc+DummyModel.swift in Sources */ = {isa = PBXBuildFile; fileRef = 1307CF112BE1290800B19FBA /* JoyDoc+DummyModel.swift */; };
		1307CF142BE1292900B19FBA /* JoyDoc+Assert.swift in Sources */ = {isa = PBXBuildFile; fileRef = 1307CF132BE1292900B19FBA /* JoyDoc+Assert.swift */; };
		1307CF1C2BE36ECE00B19FBA /* JoyfillUITests.swift in Sources */ = {isa = PBXBuildFile; fileRef = 1307CF1B2BE36ECE00B19FBA /* JoyfillUITests.swift */; };
		1307CF1E2BE36ECE00B19FBA /* JoyfillUITestsLaunchTests.swift in Sources */ = {isa = PBXBuildFile; fileRef = 1307CF1D2BE36ECE00B19FBA /* JoyfillUITestsLaunchTests.swift */; };
		1321F1782BECEC9400594112 /* Joydocjson.json in Resources */ = {isa = PBXBuildFile; fileRef = 1307CF0C2BDB7E0700B19FBA /* Joydocjson.json */; };
		1324937A2BA570F9002C6ADC /* Joyfill in Frameworks */ = {isa = PBXBuildFile; productRef = 132493792BA570F9002C6ADC /* Joyfill */; };
		1324937D2BAD5A42002C6ADC /* JoyfillModel in Frameworks */ = {isa = PBXBuildFile; productRef = 1324937C2BAD5A42002C6ADC /* JoyfillModel */; };
		1338AB962BEE38DD0001C203 /* TableFieldTests.swift in Sources */ = {isa = PBXBuildFile; fileRef = 1338AB952BEE38DD0001C203 /* TableFieldTests.swift */; };
		133EBABB2BF48804009B73AB /* SignatureFieldTests.swift in Sources */ = {isa = PBXBuildFile; fileRef = 133EBABA2BF48804009B73AB /* SignatureFieldTests.swift */; };
		134FC07A2BDA82E9008B7030 /* JoyfillTests.swift in Sources */ = {isa = PBXBuildFile; fileRef = 134FC0792BDA82E9008B7030 /* JoyfillTests.swift */; };
		136D3DBF2C103BD8008B1CA3 /* PageNavigationFieldTest.swift in Sources */ = {isa = PBXBuildFile; fileRef = 136D3DBE2C103BD8008B1CA3 /* PageNavigationFieldTest.swift */; };
		13A3F8EA2C34171A00B0A255 /* ConditionalLogicTests.swift in Sources */ = {isa = PBXBuildFile; fileRef = 13A3F8E92C34171A00B0A255 /* ConditionalLogicTests.swift */; };
		13A3F8EC2C356DB800B0A255 /* ConditinalPageLogicTests.swift in Sources */ = {isa = PBXBuildFile; fileRef = 13A3F8EB2C356DB800B0A255 /* ConditinalPageLogicTests.swift */; };
		13B544442BE37410008AF9BC /* JoyDoc+DummyModel.swift in Sources */ = {isa = PBXBuildFile; fileRef = 1307CF112BE1290800B19FBA /* JoyDoc+DummyModel.swift */; };
		13B544462BE37D2A008AF9BC /* UITestFormContainerView.swift in Sources */ = {isa = PBXBuildFile; fileRef = 13B544452BE37D2A008AF9BC /* UITestFormContainerView.swift */; };
		360BC7F62C3E88E500735516 /* JoyfillAPIService in Frameworks */ = {isa = PBXBuildFile; productRef = 360BC7F52C3E88E500735516 /* JoyfillAPIService */; };
		360BC7F92C3E896D00735516 /* JoyfillModel in Frameworks */ = {isa = PBXBuildFile; productRef = 360BC7F82C3E896D00735516 /* JoyfillModel */; };
		362211402BCEB10200BD98B5 /* JoyfillAPIService in Frameworks */ = {isa = PBXBuildFile; productRef = 3622113F2BCEB10200BD98B5 /* JoyfillAPIService */; };
		36294F1A2BD67884006C03A6 /* JoyfillModel in Frameworks */ = {isa = PBXBuildFile; productRef = 36294F192BD67884006C03A6 /* JoyfillModel */; };
		36294F1D2BD67FC4006C03A6 /* JoyfillAPIService in Frameworks */ = {isa = PBXBuildFile; productRef = 36294F1C2BD67FC4006C03A6 /* JoyfillAPIService */; };
		362A560B2BEE2EE600B54C14 /* ImageFieldTests.swift in Sources */ = {isa = PBXBuildFile; fileRef = 362A560A2BEE2EE600B54C14 /* ImageFieldTests.swift */; };
		362A560D2BEE304500B54C14 /* JoyfillUITestsBaseClass.swift in Sources */ = {isa = PBXBuildFile; fileRef = 362A560C2BEE304500B54C14 /* JoyfillUITestsBaseClass.swift */; };
		362A560F2BEE359400B54C14 /* ChartFieldTests.swift in Sources */ = {isa = PBXBuildFile; fileRef = 362A560E2BEE359400B54C14 /* ChartFieldTests.swift */; };
		362A56112BEE36CE00B54C14 /* DateTimeFieldTests.swift in Sources */ = {isa = PBXBuildFile; fileRef = 362A56102BEE36CE00B54C14 /* DateTimeFieldTests.swift */; };
		363AEF702C510DF00082359B /* JoyfillAPIService in Frameworks */ = {isa = PBXBuildFile; productRef = 363AEF6F2C510DF00082359B /* JoyfillAPIService */; };
		364300ED2C510BEC00BA870F /* JoyfillAPIService in Frameworks */ = {isa = PBXBuildFile; productRef = 364300EC2C510BEC00BA870F /* JoyfillAPIService */; };
		364300F02C510C4200BA870F /* JoyfillModel in Frameworks */ = {isa = PBXBuildFile; productRef = 364300EF2C510C4200BA870F /* JoyfillModel */; };
		3661908A2BF239BD006ED7CF /* JoyfillModel in Frameworks */ = {isa = PBXBuildFile; productRef = 366190892BF239BD006ED7CF /* JoyfillModel */; };
		36C6F4C52CEF4CEC001765CF /* JoyfillModel in Frameworks */ = {isa = PBXBuildFile; productRef = 36C6F4C42CEF4CEC001765CF /* JoyfillModel */; };
		36C6F4C72CEF4DD8001765CF /* JoyfillModel in Frameworks */ = {isa = PBXBuildFile; productRef = 36C6F4C62CEF4DD8001765CF /* JoyfillModel */; };
		36CFA0532CE2068300B7DE34 /* JoyfillModel in Frameworks */ = {isa = PBXBuildFile; productRef = 36CFA0522CE2068300B7DE34 /* JoyfillModel */; };
		36CFA05B2CE4936100B7DE34 /* JoyfillAPIService in Frameworks */ = {isa = PBXBuildFile; productRef = 36CFA05A2CE4936100B7DE34 /* JoyfillAPIService */; };
		36CFA05E2CE493E600B7DE34 /* JoyfillAPIService in Frameworks */ = {isa = PBXBuildFile; productRef = 36CFA05D2CE493E600B7DE34 /* JoyfillAPIService */; };
		E27C87E32D394387008EA35C /* CameraScanner.swift in Sources */ = {isa = PBXBuildFile; fileRef = E27C87E22D394387008EA35C /* CameraScanner.swift */; };
		E27C87E52D39438C008EA35C /* CameraScannerViewController.swift in Sources */ = {isa = PBXBuildFile; fileRef = E27C87E42D39438C008EA35C /* CameraScannerViewController.swift */; };
		FA1FEAE22BA466CB00ABD018 /* Joyfill in Frameworks */ = {isa = PBXBuildFile; productRef = FA1FEAE12BA466CB00ABD018 /* Joyfill */; };
		FA1FEAEB2BA46C1200ABD018 /* Joyfill in Frameworks */ = {isa = PBXBuildFile; productRef = FA1FEAEA2BA46C1200ABD018 /* Joyfill */; };
		FA1FEAEE2BA4C1F300ABD018 /* Joyfill in Frameworks */ = {isa = PBXBuildFile; productRef = FA1FEAED2BA4C1F300ABD018 /* Joyfill */; };
		FA1FEAF12BA4C34800ABD018 /* Joyfill in Frameworks */ = {isa = PBXBuildFile; productRef = FA1FEAF02BA4C34800ABD018 /* Joyfill */; };
		FA28C95F2BB18F1600A2D65C /* JoyfillAPIService in Frameworks */ = {isa = PBXBuildFile; productRef = FA28C95E2BB18F1600A2D65C /* JoyfillAPIService */; };
		FA28C9672BB4345C00A2D65C /* FormContainerView.swift in Sources */ = {isa = PBXBuildFile; fileRef = FA28C9662BB4345C00A2D65C /* FormContainerView.swift */; };
		FA28C9692BB4356000A2D65C /* SaveButtonView.swift in Sources */ = {isa = PBXBuildFile; fileRef = FA28C9682BB4356000A2D65C /* SaveButtonView.swift */; };
		FA28C96B2BB4359600A2D65C /* ChangeManager.swift in Sources */ = {isa = PBXBuildFile; fileRef = FA28C96A2BB4359600A2D65C /* ChangeManager.swift */; };
		FA28C96E2BB4456300A2D65C /* JoyfillAPIService in Frameworks */ = {isa = PBXBuildFile; productRef = FA28C96D2BB4456300A2D65C /* JoyfillAPIService */; };
		FA28C9712BB4456D00A2D65C /* JoyfillModel in Frameworks */ = {isa = PBXBuildFile; productRef = FA28C9702BB4456D00A2D65C /* JoyfillModel */; };
		FA529C4E2BA1D251000200F5 /* JoyfillExampleApp.swift in Sources */ = {isa = PBXBuildFile; fileRef = FA529C4D2BA1D251000200F5 /* JoyfillExampleApp.swift */; };
		FA529C522BA1D253000200F5 /* Assets.xcassets in Resources */ = {isa = PBXBuildFile; fileRef = FA529C512BA1D253000200F5 /* Assets.xcassets */; };
		FA529C562BA1D253000200F5 /* Preview Assets.xcassets in Resources */ = {isa = PBXBuildFile; fileRef = FA529C552BA1D253000200F5 /* Preview Assets.xcassets */; };
		FA529C7D2BA1D28B000200F5 /* TemplateListView.swift in Sources */ = {isa = PBXBuildFile; fileRef = FA529C792BA1D28B000200F5 /* TemplateListView.swift */; };
		FA529C7F2BA1D28B000200F5 /* DocumentSubmissionsListView.swift in Sources */ = {isa = PBXBuildFile; fileRef = FA529C7B2BA1D28B000200F5 /* DocumentSubmissionsListView.swift */; };
		FA529C822BA1D2D2000200F5 /* Joyfill in Frameworks */ = {isa = PBXBuildFile; productRef = FA529C812BA1D2D2000200F5 /* Joyfill */; };
		FAACBA602BA1D3AD00B610AB /* Joyfill in Frameworks */ = {isa = PBXBuildFile; productRef = FAACBA5F2BA1D3AD00B610AB /* Joyfill */; };
/* End PBXBuildFile section */

/* Begin PBXContainerItemProxy section */
		1307CF1F2BE36ECE00B19FBA /* PBXContainerItemProxy */ = {
			isa = PBXContainerItemProxy;
			containerPortal = FA529C422BA1D251000200F5 /* Project object */;
			proxyType = 1;
			remoteGlobalIDString = FA529C492BA1D251000200F5;
			remoteInfo = JoyfillExample;
		};
		134FC07B2BDA82E9008B7030 /* PBXContainerItemProxy */ = {
			isa = PBXContainerItemProxy;
			containerPortal = FA529C422BA1D251000200F5 /* Project object */;
			proxyType = 1;
			remoteGlobalIDString = FA529C492BA1D251000200F5;
			remoteInfo = JoyfillExample;
		};
/* End PBXContainerItemProxy section */

/* Begin PBXFileReference section */
		0448AE082D0C45AD00754EA0 /* ValidationTestCase.swift */ = {isa = PBXFileReference; lastKnownFileType = sourcecode.swift; path = ValidationTestCase.swift; sourceTree = "<group>"; };
		045B41832D19BD8500F3D6C1 /* TableNewColumns.json */ = {isa = PBXFileReference; lastKnownFileType = text.json; path = TableNewColumns.json; sourceTree = "<group>"; };
		045B41852D19BEAB00F3D6C1 /* TableNumber_Block_DateFieldTest.swift */ = {isa = PBXFileReference; lastKnownFileType = sourcecode.swift; path = TableNumber_Block_DateFieldTest.swift; sourceTree = "<group>"; };
		048149FE2CDA901F0061FBDC /* UserAccessTokenTextFieldView.swift */ = {isa = PBXFileReference; lastKnownFileType = sourcecode.swift; path = UserAccessTokenTextFieldView.swift; sourceTree = "<group>"; };
		04814A022CDA912F0061FBDC /* SelectionFieldHidePageLogicTests.swift */ = {isa = PBXFileReference; lastKnownFileType = sourcecode.swift; path = SelectionFieldHidePageLogicTests.swift; sourceTree = "<group>"; };
		04814A032CDA912F0061FBDC /* SelectionFieldLogicTests.swift */ = {isa = PBXFileReference; lastKnownFileType = sourcecode.swift; path = SelectionFieldLogicTests.swift; sourceTree = "<group>"; };
		04814A042CDA912F0061FBDC /* SelectionFieldShowPageLogicTests.swift */ = {isa = PBXFileReference; lastKnownFileType = sourcecode.swift; path = SelectionFieldShowPageLogicTests.swift; sourceTree = "<group>"; };
		04814A0B2CDA91520061FBDC /* JoyfillExample.entitlements */ = {isa = PBXFileReference; lastKnownFileType = text.plist.entitlements; path = JoyfillExample.entitlements; sourceTree = "<group>"; };
		1307CF0C2BDB7E0700B19FBA /* Joydocjson.json */ = {isa = PBXFileReference; fileEncoding = 4; lastKnownFileType = text.json; path = Joydocjson.json; sourceTree = "<group>"; };
		1307CF112BE1290800B19FBA /* JoyDoc+DummyModel.swift */ = {isa = PBXFileReference; lastKnownFileType = sourcecode.swift; path = "JoyDoc+DummyModel.swift"; sourceTree = "<group>"; };
		1307CF132BE1292900B19FBA /* JoyDoc+Assert.swift */ = {isa = PBXFileReference; lastKnownFileType = sourcecode.swift; path = "JoyDoc+Assert.swift"; sourceTree = "<group>"; };
		1307CF192BE36ECE00B19FBA /* JoyfillUITests.xctest */ = {isa = PBXFileReference; explicitFileType = wrapper.cfbundle; includeInIndex = 0; path = JoyfillUITests.xctest; sourceTree = BUILT_PRODUCTS_DIR; };
		1307CF1B2BE36ECE00B19FBA /* JoyfillUITests.swift */ = {isa = PBXFileReference; lastKnownFileType = sourcecode.swift; path = JoyfillUITests.swift; sourceTree = "<group>"; };
		1307CF1D2BE36ECE00B19FBA /* JoyfillUITestsLaunchTests.swift */ = {isa = PBXFileReference; lastKnownFileType = sourcecode.swift; path = JoyfillUITestsLaunchTests.swift; sourceTree = "<group>"; };
		1338AB952BEE38DD0001C203 /* TableFieldTests.swift */ = {isa = PBXFileReference; lastKnownFileType = sourcecode.swift; path = TableFieldTests.swift; sourceTree = "<group>"; };
		133EBABA2BF48804009B73AB /* SignatureFieldTests.swift */ = {isa = PBXFileReference; lastKnownFileType = sourcecode.swift; path = SignatureFieldTests.swift; sourceTree = "<group>"; };
		134FC0772BDA82E9008B7030 /* JoyfillTests.xctest */ = {isa = PBXFileReference; explicitFileType = wrapper.cfbundle; includeInIndex = 0; path = JoyfillTests.xctest; sourceTree = BUILT_PRODUCTS_DIR; };
		134FC0792BDA82E9008B7030 /* JoyfillTests.swift */ = {isa = PBXFileReference; lastKnownFileType = sourcecode.swift; path = JoyfillTests.swift; sourceTree = "<group>"; };
		136D3DBE2C103BD8008B1CA3 /* PageNavigationFieldTest.swift */ = {isa = PBXFileReference; lastKnownFileType = sourcecode.swift; path = PageNavigationFieldTest.swift; sourceTree = "<group>"; };
		13A3F8E92C34171A00B0A255 /* ConditionalLogicTests.swift */ = {isa = PBXFileReference; lastKnownFileType = sourcecode.swift; path = ConditionalLogicTests.swift; sourceTree = "<group>"; };
		13A3F8EB2C356DB800B0A255 /* ConditinalPageLogicTests.swift */ = {isa = PBXFileReference; lastKnownFileType = sourcecode.swift; path = ConditinalPageLogicTests.swift; sourceTree = "<group>"; };
		13B544452BE37D2A008AF9BC /* UITestFormContainerView.swift */ = {isa = PBXFileReference; lastKnownFileType = sourcecode.swift; path = UITestFormContainerView.swift; sourceTree = "<group>"; };
		3607877F2BE900C400D9A187 /* JoyfillUITests.xctestplan */ = {isa = PBXFileReference; lastKnownFileType = text; path = JoyfillUITests.xctestplan; sourceTree = "<group>"; };
		360787802BE911C400D9A187 /* JoyfillExample.xctestplan */ = {isa = PBXFileReference; lastKnownFileType = text; path = JoyfillExample.xctestplan; sourceTree = "<group>"; };
		362A560A2BEE2EE600B54C14 /* ImageFieldTests.swift */ = {isa = PBXFileReference; lastKnownFileType = sourcecode.swift; path = ImageFieldTests.swift; sourceTree = "<group>"; };
		362A560C2BEE304500B54C14 /* JoyfillUITestsBaseClass.swift */ = {isa = PBXFileReference; lastKnownFileType = sourcecode.swift; path = JoyfillUITestsBaseClass.swift; sourceTree = "<group>"; };
		362A560E2BEE359400B54C14 /* ChartFieldTests.swift */ = {isa = PBXFileReference; lastKnownFileType = sourcecode.swift; path = ChartFieldTests.swift; sourceTree = "<group>"; };
		362A56102BEE36CE00B54C14 /* DateTimeFieldTests.swift */ = {isa = PBXFileReference; lastKnownFileType = sourcecode.swift; path = DateTimeFieldTests.swift; sourceTree = "<group>"; };
		366190942BF23EAB006ED7CF /* JoyfillTests.xctestplan */ = {isa = PBXFileReference; lastKnownFileType = text; path = JoyfillTests.xctestplan; sourceTree = "<group>"; };
		E27C87E22D394387008EA35C /* CameraScanner.swift */ = {isa = PBXFileReference; lastKnownFileType = sourcecode.swift; path = CameraScanner.swift; sourceTree = "<group>"; };
		E27C87E42D39438C008EA35C /* CameraScannerViewController.swift */ = {isa = PBXFileReference; lastKnownFileType = sourcecode.swift; path = CameraScannerViewController.swift; sourceTree = "<group>"; };
		FA28C9662BB4345C00A2D65C /* FormContainerView.swift */ = {isa = PBXFileReference; lastKnownFileType = sourcecode.swift; path = FormContainerView.swift; sourceTree = "<group>"; };
		FA28C9682BB4356000A2D65C /* SaveButtonView.swift */ = {isa = PBXFileReference; lastKnownFileType = sourcecode.swift; path = SaveButtonView.swift; sourceTree = "<group>"; };
		FA28C96A2BB4359600A2D65C /* ChangeManager.swift */ = {isa = PBXFileReference; lastKnownFileType = sourcecode.swift; path = ChangeManager.swift; sourceTree = "<group>"; };
		FA529C4A2BA1D251000200F5 /* JoyfillExample.app */ = {isa = PBXFileReference; explicitFileType = wrapper.application; includeInIndex = 0; path = JoyfillExample.app; sourceTree = BUILT_PRODUCTS_DIR; };
		FA529C4D2BA1D251000200F5 /* JoyfillExampleApp.swift */ = {isa = PBXFileReference; lastKnownFileType = sourcecode.swift; path = JoyfillExampleApp.swift; sourceTree = "<group>"; };
		FA529C512BA1D253000200F5 /* Assets.xcassets */ = {isa = PBXFileReference; lastKnownFileType = folder.assetcatalog; path = Assets.xcassets; sourceTree = "<group>"; };
		FA529C532BA1D253000200F5 /* JoyfillExample.entitlements */ = {isa = PBXFileReference; lastKnownFileType = text.plist.entitlements; path = JoyfillExample.entitlements; sourceTree = "<group>"; };
		FA529C552BA1D253000200F5 /* Preview Assets.xcassets */ = {isa = PBXFileReference; lastKnownFileType = folder.assetcatalog; path = "Preview Assets.xcassets"; sourceTree = "<group>"; };
		FA529C792BA1D28B000200F5 /* TemplateListView.swift */ = {isa = PBXFileReference; fileEncoding = 4; lastKnownFileType = sourcecode.swift; path = TemplateListView.swift; sourceTree = "<group>"; };
		FA529C7B2BA1D28B000200F5 /* DocumentSubmissionsListView.swift */ = {isa = PBXFileReference; fileEncoding = 4; lastKnownFileType = sourcecode.swift; path = DocumentSubmissionsListView.swift; sourceTree = "<group>"; };
/* End PBXFileReference section */

/* Begin PBXFrameworksBuildPhase section */
		1307CF162BE36ECD00B19FBA /* Frameworks */ = {
			isa = PBXFrameworksBuildPhase;
			buildActionMask = 2147483647;
			files = (
				36C6F4C72CEF4DD8001765CF /* JoyfillModel in Frameworks */,
			);
			runOnlyForDeploymentPostprocessing = 0;
		};
		134FC0742BDA82E9008B7030 /* Frameworks */ = {
			isa = PBXFrameworksBuildPhase;
			buildActionMask = 2147483647;
			files = (
			);
			runOnlyForDeploymentPostprocessing = 0;
		};
		FA529C472BA1D251000200F5 /* Frameworks */ = {
			isa = PBXFrameworksBuildPhase;
			buildActionMask = 2147483647;
			files = (
				048149FA2CDA8F8E0061FBDC /* JoyfillModel in Frameworks */,
				36294F1A2BD67884006C03A6 /* JoyfillModel in Frameworks */,
				1324937A2BA570F9002C6ADC /* Joyfill in Frameworks */,
				048149FD2CDA8F9A0061FBDC /* JoyfillAPIService in Frameworks */,
				362211402BCEB10200BD98B5 /* JoyfillAPIService in Frameworks */,
				36CFA0532CE2068300B7DE34 /* JoyfillModel in Frameworks */,
				364300F02C510C4200BA870F /* JoyfillModel in Frameworks */,
				36CFA05B2CE4936100B7DE34 /* JoyfillAPIService in Frameworks */,
				36CFA05E2CE493E600B7DE34 /* JoyfillAPIService in Frameworks */,
				FA1FEAF12BA4C34800ABD018 /* Joyfill in Frameworks */,
				36C6F4C52CEF4CEC001765CF /* JoyfillModel in Frameworks */,
				FA1FEAEB2BA46C1200ABD018 /* Joyfill in Frameworks */,
				360BC7F62C3E88E500735516 /* JoyfillAPIService in Frameworks */,
				FA28C96E2BB4456300A2D65C /* JoyfillAPIService in Frameworks */,
				364300ED2C510BEC00BA870F /* JoyfillAPIService in Frameworks */,
				3661908A2BF239BD006ED7CF /* JoyfillModel in Frameworks */,
				FA28C95F2BB18F1600A2D65C /* JoyfillAPIService in Frameworks */,
				FA1FEAEE2BA4C1F300ABD018 /* Joyfill in Frameworks */,
				FA1FEAE22BA466CB00ABD018 /* Joyfill in Frameworks */,
				363AEF702C510DF00082359B /* JoyfillAPIService in Frameworks */,
				FA28C9712BB4456D00A2D65C /* JoyfillModel in Frameworks */,
				360BC7F92C3E896D00735516 /* JoyfillModel in Frameworks */,
				1324937D2BAD5A42002C6ADC /* JoyfillModel in Frameworks */,
				FAACBA602BA1D3AD00B610AB /* Joyfill in Frameworks */,
				FA529C822BA1D2D2000200F5 /* Joyfill in Frameworks */,
				36294F1D2BD67FC4006C03A6 /* JoyfillAPIService in Frameworks */,
			);
			runOnlyForDeploymentPostprocessing = 0;
		};
/* End PBXFrameworksBuildPhase section */

/* Begin PBXGroup section */
		1307CF1A2BE36ECE00B19FBA /* JoyfillUITests */ = {
			isa = PBXGroup;
			children = (
				1307CF1B2BE36ECE00B19FBA /* JoyfillUITests.swift */,
				362A56102BEE36CE00B54C14 /* DateTimeFieldTests.swift */,
				362A560A2BEE2EE600B54C14 /* ImageFieldTests.swift */,
				133EBABA2BF48804009B73AB /* SignatureFieldTests.swift */,
				362A560E2BEE359400B54C14 /* ChartFieldTests.swift */,
				1338AB952BEE38DD0001C203 /* TableFieldTests.swift */,
				045B41852D19BEAB00F3D6C1 /* TableNumber_Block_DateFieldTest.swift */,
				136D3DBE2C103BD8008B1CA3 /* PageNavigationFieldTest.swift */,
				13A3F8E92C34171A00B0A255 /* ConditionalLogicTests.swift */,
				13A3F8EB2C356DB800B0A255 /* ConditinalPageLogicTests.swift */,
				362A560C2BEE304500B54C14 /* JoyfillUITestsBaseClass.swift */,
				04814A022CDA912F0061FBDC /* SelectionFieldHidePageLogicTests.swift */,
				04814A032CDA912F0061FBDC /* SelectionFieldLogicTests.swift */,
				04814A042CDA912F0061FBDC /* SelectionFieldShowPageLogicTests.swift */,
				1307CF1D2BE36ECE00B19FBA /* JoyfillUITestsLaunchTests.swift */,
			);
			path = JoyfillUITests;
			sourceTree = "<group>";
		};
		134FC0782BDA82E9008B7030 /* JoyfillTests */ = {
			isa = PBXGroup;
			children = (
				134FC0792BDA82E9008B7030 /* JoyfillTests.swift */,
				0448AE082D0C45AD00754EA0 /* ValidationTestCase.swift */,
				1307CF132BE1292900B19FBA /* JoyDoc+Assert.swift */,
			);
			path = JoyfillTests;
			sourceTree = "<group>";
		};
		360787992BEB8CF600D9A187 /* Frameworks */ = {
			isa = PBXGroup;
			children = (
			);
			name = Frameworks;
			sourceTree = "<group>";
		};
		FA529C412BA1D251000200F5 = {
			isa = PBXGroup;
			children = (
				366190942BF23EAB006ED7CF /* JoyfillTests.xctestplan */,
				360787802BE911C400D9A187 /* JoyfillExample.xctestplan */,
				3607877F2BE900C400D9A187 /* JoyfillUITests.xctestplan */,
				FA529C4C2BA1D251000200F5 /* JoyfillExample */,
				134FC0782BDA82E9008B7030 /* JoyfillTests */,
				1307CF1A2BE36ECE00B19FBA /* JoyfillUITests */,
				FA529C4B2BA1D251000200F5 /* Products */,
				360787992BEB8CF600D9A187 /* Frameworks */,
			);
			sourceTree = "<group>";
		};
		FA529C4B2BA1D251000200F5 /* Products */ = {
			isa = PBXGroup;
			children = (
				FA529C4A2BA1D251000200F5 /* JoyfillExample.app */,
				134FC0772BDA82E9008B7030 /* JoyfillTests.xctest */,
				1307CF192BE36ECE00B19FBA /* JoyfillUITests.xctest */,
			);
			name = Products;
			sourceTree = "<group>";
		};
		FA529C4C2BA1D251000200F5 /* JoyfillExample */ = {
			isa = PBXGroup;
			children = (
				FA529C4D2BA1D251000200F5 /* JoyfillExampleApp.swift */,
				FA529C792BA1D28B000200F5 /* TemplateListView.swift */,
				FA529C7B2BA1D28B000200F5 /* DocumentSubmissionsListView.swift */,
				FA28C9662BB4345C00A2D65C /* FormContainerView.swift */,
				FA28C96A2BB4359600A2D65C /* ChangeManager.swift */,
				E27C87E22D394387008EA35C /* CameraScanner.swift */,
				E27C87E42D39438C008EA35C /* CameraScannerViewController.swift */,
				04814A0B2CDA91520061FBDC /* JoyfillExample.entitlements */,
				FA28C9682BB4356000A2D65C /* SaveButtonView.swift */,
				1307CF112BE1290800B19FBA /* JoyDoc+DummyModel.swift */,
				048149FE2CDA901F0061FBDC /* UserAccessTokenTextFieldView.swift */,
				13B544452BE37D2A008AF9BC /* UITestFormContainerView.swift */,
				045B41832D19BD8500F3D6C1 /* TableNewColumns.json */,
				1307CF0C2BDB7E0700B19FBA /* Joydocjson.json */,
				FA529C512BA1D253000200F5 /* Assets.xcassets */,
				FA529C532BA1D253000200F5 /* JoyfillExample.entitlements */,
				FA529C542BA1D253000200F5 /* Preview Content */,
			);
			path = JoyfillExample;
			sourceTree = "<group>";
		};
		FA529C542BA1D253000200F5 /* Preview Content */ = {
			isa = PBXGroup;
			children = (
				FA529C552BA1D253000200F5 /* Preview Assets.xcassets */,
			);
			path = "Preview Content";
			sourceTree = "<group>";
		};
/* End PBXGroup section */

/* Begin PBXNativeTarget section */
		1307CF182BE36ECD00B19FBA /* JoyfillUITests */ = {
			isa = PBXNativeTarget;
			buildConfigurationList = 1307CF212BE36ECE00B19FBA /* Build configuration list for PBXNativeTarget "JoyfillUITests" */;
			buildPhases = (
				1307CF152BE36ECD00B19FBA /* Sources */,
				1307CF162BE36ECD00B19FBA /* Frameworks */,
				1307CF172BE36ECD00B19FBA /* Resources */,
			);
			buildRules = (
			);
			dependencies = (
				1307CF202BE36ECE00B19FBA /* PBXTargetDependency */,
			);
			name = JoyfillUITests;
			packageProductDependencies = (
				36C6F4C62CEF4DD8001765CF /* JoyfillModel */,
			);
			productName = JoyfillUITests;
			productReference = 1307CF192BE36ECE00B19FBA /* JoyfillUITests.xctest */;
			productType = "com.apple.product-type.bundle.ui-testing";
		};
		134FC0762BDA82E9008B7030 /* JoyfillTests */ = {
			isa = PBXNativeTarget;
			buildConfigurationList = 134FC07F2BDA82E9008B7030 /* Build configuration list for PBXNativeTarget "JoyfillTests" */;
			buildPhases = (
				134FC0732BDA82E9008B7030 /* Sources */,
				134FC0742BDA82E9008B7030 /* Frameworks */,
				134FC0752BDA82E9008B7030 /* Resources */,
			);
			buildRules = (
			);
			dependencies = (
				134FC07C2BDA82E9008B7030 /* PBXTargetDependency */,
			);
			name = JoyfillTests;
			packageProductDependencies = (
			);
			productName = JoyfillTests;
			productReference = 134FC0772BDA82E9008B7030 /* JoyfillTests.xctest */;
			productType = "com.apple.product-type.bundle.unit-test";
		};
		FA529C492BA1D251000200F5 /* JoyfillExample */ = {
			isa = PBXNativeTarget;
			buildConfigurationList = FA529C6F2BA1D253000200F5 /* Build configuration list for PBXNativeTarget "JoyfillExample" */;
			buildPhases = (
				FA529C462BA1D251000200F5 /* Sources */,
				FA529C472BA1D251000200F5 /* Frameworks */,
				FA529C482BA1D251000200F5 /* Resources */,
			);
			buildRules = (
			);
			dependencies = (
			);
			name = JoyfillExample;
			packageProductDependencies = (
				FA529C812BA1D2D2000200F5 /* Joyfill */,
				FAACBA5F2BA1D3AD00B610AB /* Joyfill */,
				FA1FEAE12BA466CB00ABD018 /* Joyfill */,
				FA1FEAEA2BA46C1200ABD018 /* Joyfill */,
				FA1FEAED2BA4C1F300ABD018 /* Joyfill */,
				FA1FEAF02BA4C34800ABD018 /* Joyfill */,
				132493792BA570F9002C6ADC /* Joyfill */,
				1324937C2BAD5A42002C6ADC /* JoyfillModel */,
				FA28C95E2BB18F1600A2D65C /* JoyfillAPIService */,
				FA28C96D2BB4456300A2D65C /* JoyfillAPIService */,
				FA28C9702BB4456D00A2D65C /* JoyfillModel */,
				3622113F2BCEB10200BD98B5 /* JoyfillAPIService */,
				36294F192BD67884006C03A6 /* JoyfillModel */,
				36294F1C2BD67FC4006C03A6 /* JoyfillAPIService */,
				366190892BF239BD006ED7CF /* JoyfillModel */,
				360BC7F52C3E88E500735516 /* JoyfillAPIService */,
				360BC7F82C3E896D00735516 /* JoyfillModel */,
				364300EC2C510BEC00BA870F /* JoyfillAPIService */,
				364300EF2C510C4200BA870F /* JoyfillModel */,
				363AEF6F2C510DF00082359B /* JoyfillAPIService */,
				048149F92CDA8F8E0061FBDC /* JoyfillModel */,
				048149FC2CDA8F9A0061FBDC /* JoyfillAPIService */,
				36CFA0522CE2068300B7DE34 /* JoyfillModel */,
				36CFA05A2CE4936100B7DE34 /* JoyfillAPIService */,
				36CFA05D2CE493E600B7DE34 /* JoyfillAPIService */,
				36C6F4C42CEF4CEC001765CF /* JoyfillModel */,
			);
			productName = JoyfillExample;
			productReference = FA529C4A2BA1D251000200F5 /* JoyfillExample.app */;
			productType = "com.apple.product-type.application";
		};
/* End PBXNativeTarget section */

/* Begin PBXProject section */
		FA529C422BA1D251000200F5 /* Project object */ = {
			isa = PBXProject;
			attributes = {
				BuildIndependentTargetsInParallel = 1;
				LastSwiftUpdateCheck = 1520;
				LastUpgradeCheck = 1520;
				TargetAttributes = {
					1307CF182BE36ECD00B19FBA = {
						CreatedOnToolsVersion = 15.2;
						TestTargetID = FA529C492BA1D251000200F5;
					};
					134FC0762BDA82E9008B7030 = {
						CreatedOnToolsVersion = 15.2;
						TestTargetID = FA529C492BA1D251000200F5;
					};
					FA529C492BA1D251000200F5 = {
						CreatedOnToolsVersion = 15.2;
					};
				};
			};
			buildConfigurationList = FA529C452BA1D251000200F5 /* Build configuration list for PBXProject "JoyfillExample" */;
			compatibilityVersion = "Xcode 14.0";
			developmentRegion = en;
			hasScannedForEncodings = 0;
			knownRegions = (
				en,
				Base,
			);
			mainGroup = FA529C412BA1D251000200F5;
			packageReferences = (
				132493782BA570F9002C6ADC /* XCLocalSwiftPackageReference ".." */,
				36CFA05C2CE493E600B7DE34 /* XCRemoteSwiftPackageReference "JoyfillAPIService" */,
				36C6F4C32CEF4CEC001765CF /* XCLocalSwiftPackageReference "../../JoyfillModel" */,
			);
			productRefGroup = FA529C4B2BA1D251000200F5 /* Products */;
			projectDirPath = "";
			projectRoot = "";
			targets = (
				FA529C492BA1D251000200F5 /* JoyfillExample */,
				134FC0762BDA82E9008B7030 /* JoyfillTests */,
				1307CF182BE36ECD00B19FBA /* JoyfillUITests */,
			);
		};
/* End PBXProject section */

/* Begin PBXResourcesBuildPhase section */
		1307CF172BE36ECD00B19FBA /* Resources */ = {
			isa = PBXResourcesBuildPhase;
			buildActionMask = 2147483647;
			files = (
				1321F1782BECEC9400594112 /* Joydocjson.json in Resources */,
			);
			runOnlyForDeploymentPostprocessing = 0;
		};
		134FC0752BDA82E9008B7030 /* Resources */ = {
			isa = PBXResourcesBuildPhase;
			buildActionMask = 2147483647;
			files = (
				1307CF0D2BDB7E0700B19FBA /* Joydocjson.json in Resources */,
			);
			runOnlyForDeploymentPostprocessing = 0;
		};
		FA529C482BA1D251000200F5 /* Resources */ = {
			isa = PBXResourcesBuildPhase;
			buildActionMask = 2147483647;
			files = (
				FA529C562BA1D253000200F5 /* Preview Assets.xcassets in Resources */,
				FA529C522BA1D253000200F5 /* Assets.xcassets in Resources */,
				1307CF0E2BDBC77600B19FBA /* Joydocjson.json in Resources */,
				045B41842D19BD8500F3D6C1 /* TableNewColumns.json in Resources */,
			);
			runOnlyForDeploymentPostprocessing = 0;
		};
/* End PBXResourcesBuildPhase section */

/* Begin PBXSourcesBuildPhase section */
		1307CF152BE36ECD00B19FBA /* Sources */ = {
			isa = PBXSourcesBuildPhase;
			buildActionMask = 2147483647;
			files = (
				1307CF1E2BE36ECE00B19FBA /* JoyfillUITestsLaunchTests.swift in Sources */,
				045B41862D19BEAB00F3D6C1 /* TableNumber_Block_DateFieldTest.swift in Sources */,
				04814A052CDA912F0061FBDC /* SelectionFieldHidePageLogicTests.swift in Sources */,
				04814A062CDA912F0061FBDC /* SelectionFieldShowPageLogicTests.swift in Sources */,
				04814A072CDA912F0061FBDC /* SelectionFieldLogicTests.swift in Sources */,
				13A3F8EA2C34171A00B0A255 /* ConditionalLogicTests.swift in Sources */,
				136D3DBF2C103BD8008B1CA3 /* PageNavigationFieldTest.swift in Sources */,
				362A560B2BEE2EE600B54C14 /* ImageFieldTests.swift in Sources */,
				1338AB962BEE38DD0001C203 /* TableFieldTests.swift in Sources */,
				1307CF1C2BE36ECE00B19FBA /* JoyfillUITests.swift in Sources */,
				133EBABB2BF48804009B73AB /* SignatureFieldTests.swift in Sources */,
				13A3F8EC2C356DB800B0A255 /* ConditinalPageLogicTests.swift in Sources */,
				362A56112BEE36CE00B54C14 /* DateTimeFieldTests.swift in Sources */,
				362A560F2BEE359400B54C14 /* ChartFieldTests.swift in Sources */,
				362A560D2BEE304500B54C14 /* JoyfillUITestsBaseClass.swift in Sources */,
			);
			runOnlyForDeploymentPostprocessing = 0;
		};
		134FC0732BDA82E9008B7030 /* Sources */ = {
			isa = PBXSourcesBuildPhase;
			buildActionMask = 2147483647;
			files = (
				1307CF142BE1292900B19FBA /* JoyDoc+Assert.swift in Sources */,
				1307CF122BE1290800B19FBA /* JoyDoc+DummyModel.swift in Sources */,
				0448AE092D0C45AD00754EA0 /* ValidationTestCase.swift in Sources */,
				134FC07A2BDA82E9008B7030 /* JoyfillTests.swift in Sources */,
			);
			runOnlyForDeploymentPostprocessing = 0;
		};
		FA529C462BA1D251000200F5 /* Sources */ = {
			isa = PBXSourcesBuildPhase;
			buildActionMask = 2147483647;
			files = (
				13B544462BE37D2A008AF9BC /* UITestFormContainerView.swift in Sources */,
				E27C87E52D39438C008EA35C /* CameraScannerViewController.swift in Sources */,
				13B544442BE37410008AF9BC /* JoyDoc+DummyModel.swift in Sources */,
				048149FF2CDA901F0061FBDC /* UserAccessTokenTextFieldView.swift in Sources */,
				E27C87E32D394387008EA35C /* CameraScanner.swift in Sources */,
				FA28C9672BB4345C00A2D65C /* FormContainerView.swift in Sources */,
				FA28C96B2BB4359600A2D65C /* ChangeManager.swift in Sources */,
				FA529C7D2BA1D28B000200F5 /* TemplateListView.swift in Sources */,
				FA529C7F2BA1D28B000200F5 /* DocumentSubmissionsListView.swift in Sources */,
				FA28C9692BB4356000A2D65C /* SaveButtonView.swift in Sources */,
				FA529C4E2BA1D251000200F5 /* JoyfillExampleApp.swift in Sources */,
			);
			runOnlyForDeploymentPostprocessing = 0;
		};
/* End PBXSourcesBuildPhase section */

/* Begin PBXTargetDependency section */
		1307CF202BE36ECE00B19FBA /* PBXTargetDependency */ = {
			isa = PBXTargetDependency;
			target = FA529C492BA1D251000200F5 /* JoyfillExample */;
			targetProxy = 1307CF1F2BE36ECE00B19FBA /* PBXContainerItemProxy */;
		};
		134FC07C2BDA82E9008B7030 /* PBXTargetDependency */ = {
			isa = PBXTargetDependency;
			target = FA529C492BA1D251000200F5 /* JoyfillExample */;
			targetProxy = 134FC07B2BDA82E9008B7030 /* PBXContainerItemProxy */;
		};
/* End PBXTargetDependency section */

/* Begin XCBuildConfiguration section */
		1307CF222BE36ECE00B19FBA /* Debug */ = {
			isa = XCBuildConfiguration;
			buildSettings = {
				CODE_SIGN_IDENTITY = "Apple Development";
				CODE_SIGN_STYLE = Automatic;
				CURRENT_PROJECT_VERSION = 1;
				DEVELOPMENT_TEAM = Z928FCJVR4;
				GENERATE_INFOPLIST_FILE = YES;
				IPHONEOS_DEPLOYMENT_TARGET = 16;
				MARKETING_VERSION = 1.0;
				PRODUCT_BUNDLE_IDENTIFIER = App.JoyfillUITests;
				"PRODUCT_BUNDLE_IDENTIFIER[sdk=iphoneos*]" = com.joyfill;
				PRODUCT_NAME = "$(TARGET_NAME)";
				PROVISIONING_PROFILE_SPECIFIER = "";
				SDKROOT = iphoneos;
				SWIFT_EMIT_LOC_STRINGS = NO;
				SWIFT_VERSION = 5.0;
				TARGETED_DEVICE_FAMILY = "1,2";
				TEST_TARGET_NAME = JoyfillExample;
			};
			name = Debug;
		};
		1307CF232BE36ECE00B19FBA /* Release */ = {
			isa = XCBuildConfiguration;
			buildSettings = {
				CODE_SIGN_IDENTITY = "Apple Development";
				CODE_SIGN_STYLE = Automatic;
				CURRENT_PROJECT_VERSION = 1;
				DEVELOPMENT_TEAM = Z928FCJVR4;
				GENERATE_INFOPLIST_FILE = YES;
				IPHONEOS_DEPLOYMENT_TARGET = 16;
				MARKETING_VERSION = 1.0;
				PRODUCT_BUNDLE_IDENTIFIER = App.JoyfillUITests;
				"PRODUCT_BUNDLE_IDENTIFIER[sdk=iphoneos*]" = com.joyfill;
				PRODUCT_NAME = "$(TARGET_NAME)";
				PROVISIONING_PROFILE_SPECIFIER = "";
				SDKROOT = iphoneos;
				SWIFT_EMIT_LOC_STRINGS = NO;
				SWIFT_VERSION = 5.0;
				TARGETED_DEVICE_FAMILY = "1,2";
				TEST_TARGET_NAME = JoyfillExample;
				VALIDATE_PRODUCT = YES;
			};
			name = Release;
		};
		134FC07D2BDA82E9008B7030 /* Debug */ = {
			isa = XCBuildConfiguration;
			buildSettings = {
				BUNDLE_LOADER = "$(TEST_HOST)";
				CODE_SIGN_IDENTITY = "Apple Development";
				CODE_SIGN_STYLE = Automatic;
				CURRENT_PROJECT_VERSION = 1;
				DEVELOPMENT_TEAM = Z928FCJVR4;
				GENERATE_INFOPLIST_FILE = YES;
				IPHONEOS_DEPLOYMENT_TARGET = 16;
				MARKETING_VERSION = 1.0;
				PRODUCT_BUNDLE_IDENTIFIER = App.JoyfillTests;
				"PRODUCT_BUNDLE_IDENTIFIER[sdk=iphoneos*]" = com.joyfill;
				PRODUCT_NAME = "$(TARGET_NAME)";
				PROVISIONING_PROFILE_SPECIFIER = "";
				SDKROOT = iphoneos;
				SWIFT_EMIT_LOC_STRINGS = NO;
				SWIFT_VERSION = 5.0;
				TARGETED_DEVICE_FAMILY = "1,2";
				TEST_HOST = "$(BUILT_PRODUCTS_DIR)/JoyfillExample.app/$(BUNDLE_EXECUTABLE_FOLDER_PATH)/JoyfillExample";
			};
			name = Debug;
		};
		134FC07E2BDA82E9008B7030 /* Release */ = {
			isa = XCBuildConfiguration;
			buildSettings = {
				BUNDLE_LOADER = "$(TEST_HOST)";
				CODE_SIGN_IDENTITY = "Apple Development";
				CODE_SIGN_STYLE = Automatic;
				CURRENT_PROJECT_VERSION = 1;
				DEVELOPMENT_TEAM = Z928FCJVR4;
				GENERATE_INFOPLIST_FILE = YES;
				IPHONEOS_DEPLOYMENT_TARGET = 16;
				MARKETING_VERSION = 1.0;
				PRODUCT_BUNDLE_IDENTIFIER = App.JoyfillTests;
				"PRODUCT_BUNDLE_IDENTIFIER[sdk=iphoneos*]" = com.joyfill;
				PRODUCT_NAME = "$(TARGET_NAME)";
				PROVISIONING_PROFILE_SPECIFIER = "";
				SDKROOT = iphoneos;
				SWIFT_EMIT_LOC_STRINGS = NO;
				SWIFT_VERSION = 5.0;
				TARGETED_DEVICE_FAMILY = "1,2";
				TEST_HOST = "$(BUILT_PRODUCTS_DIR)/JoyfillExample.app/$(BUNDLE_EXECUTABLE_FOLDER_PATH)/JoyfillExample";
				VALIDATE_PRODUCT = YES;
			};
			name = Release;
		};
		FA529C6D2BA1D253000200F5 /* Debug */ = {
			isa = XCBuildConfiguration;
			buildSettings = {
				ALWAYS_SEARCH_USER_PATHS = NO;
				ASSETCATALOG_COMPILER_GENERATE_SWIFT_ASSET_SYMBOL_EXTENSIONS = YES;
				CLANG_ANALYZER_NONNULL = YES;
				CLANG_ANALYZER_NUMBER_OBJECT_CONVERSION = YES_AGGRESSIVE;
				CLANG_CXX_LANGUAGE_STANDARD = "gnu++20";
				CLANG_ENABLE_MODULES = YES;
				CLANG_ENABLE_OBJC_ARC = YES;
				CLANG_ENABLE_OBJC_WEAK = YES;
				CLANG_WARN_BLOCK_CAPTURE_AUTORELEASING = YES;
				CLANG_WARN_BOOL_CONVERSION = YES;
				CLANG_WARN_COMMA = YES;
				CLANG_WARN_CONSTANT_CONVERSION = YES;
				CLANG_WARN_DEPRECATED_OBJC_IMPLEMENTATIONS = YES;
				CLANG_WARN_DIRECT_OBJC_ISA_USAGE = YES_ERROR;
				CLANG_WARN_DOCUMENTATION_COMMENTS = YES;
				CLANG_WARN_EMPTY_BODY = YES;
				CLANG_WARN_ENUM_CONVERSION = YES;
				CLANG_WARN_INFINITE_RECURSION = YES;
				CLANG_WARN_INT_CONVERSION = YES;
				CLANG_WARN_NON_LITERAL_NULL_CONVERSION = YES;
				CLANG_WARN_OBJC_IMPLICIT_RETAIN_SELF = YES;
				CLANG_WARN_OBJC_LITERAL_CONVERSION = YES;
				CLANG_WARN_OBJC_ROOT_CLASS = YES_ERROR;
				CLANG_WARN_QUOTED_INCLUDE_IN_FRAMEWORK_HEADER = YES;
				CLANG_WARN_RANGE_LOOP_ANALYSIS = YES;
				CLANG_WARN_STRICT_PROTOTYPES = YES;
				CLANG_WARN_SUSPICIOUS_MOVE = YES;
				CLANG_WARN_UNGUARDED_AVAILABILITY = YES_AGGRESSIVE;
				CLANG_WARN_UNREACHABLE_CODE = YES;
				CLANG_WARN__DUPLICATE_METHOD_MATCH = YES;
				COPY_PHASE_STRIP = NO;
				DEAD_CODE_STRIPPING = YES;
				DEBUG_INFORMATION_FORMAT = dwarf;
				ENABLE_STRICT_OBJC_MSGSEND = YES;
				ENABLE_TESTABILITY = YES;
				ENABLE_USER_SCRIPT_SANDBOXING = YES;
				GCC_C_LANGUAGE_STANDARD = gnu17;
				GCC_DYNAMIC_NO_PIC = NO;
				GCC_NO_COMMON_BLOCKS = YES;
				GCC_OPTIMIZATION_LEVEL = 0;
				GCC_PREPROCESSOR_DEFINITIONS = (
					"DEBUG=1",
					"$(inherited)",
				);
				GCC_WARN_64_TO_32_BIT_CONVERSION = YES;
				GCC_WARN_ABOUT_RETURN_TYPE = YES_ERROR;
				GCC_WARN_UNDECLARED_SELECTOR = YES;
				GCC_WARN_UNINITIALIZED_AUTOS = YES_AGGRESSIVE;
				GCC_WARN_UNUSED_FUNCTION = YES;
				GCC_WARN_UNUSED_VARIABLE = YES;
				GENERATE_INFOPLIST_FILE = YES;
				LOCALIZATION_PREFERS_STRING_CATALOGS = YES;
				MTL_ENABLE_DEBUG_INFO = INCLUDE_SOURCE;
				MTL_FAST_MATH = YES;
				NEW_SETTING = "";
				ONLY_ACTIVE_ARCH = YES;
				SWIFT_ACTIVE_COMPILATION_CONDITIONS = "DEBUG $(inherited)";
				SWIFT_OPTIMIZATION_LEVEL = "-Onone";
			};
			name = Debug;
		};
		FA529C6E2BA1D253000200F5 /* Release */ = {
			isa = XCBuildConfiguration;
			buildSettings = {
				ALWAYS_SEARCH_USER_PATHS = NO;
				ASSETCATALOG_COMPILER_GENERATE_SWIFT_ASSET_SYMBOL_EXTENSIONS = YES;
				CLANG_ANALYZER_NONNULL = YES;
				CLANG_ANALYZER_NUMBER_OBJECT_CONVERSION = YES_AGGRESSIVE;
				CLANG_CXX_LANGUAGE_STANDARD = "gnu++20";
				CLANG_ENABLE_MODULES = YES;
				CLANG_ENABLE_OBJC_ARC = YES;
				CLANG_ENABLE_OBJC_WEAK = YES;
				CLANG_WARN_BLOCK_CAPTURE_AUTORELEASING = YES;
				CLANG_WARN_BOOL_CONVERSION = YES;
				CLANG_WARN_COMMA = YES;
				CLANG_WARN_CONSTANT_CONVERSION = YES;
				CLANG_WARN_DEPRECATED_OBJC_IMPLEMENTATIONS = YES;
				CLANG_WARN_DIRECT_OBJC_ISA_USAGE = YES_ERROR;
				CLANG_WARN_DOCUMENTATION_COMMENTS = YES;
				CLANG_WARN_EMPTY_BODY = YES;
				CLANG_WARN_ENUM_CONVERSION = YES;
				CLANG_WARN_INFINITE_RECURSION = YES;
				CLANG_WARN_INT_CONVERSION = YES;
				CLANG_WARN_NON_LITERAL_NULL_CONVERSION = YES;
				CLANG_WARN_OBJC_IMPLICIT_RETAIN_SELF = YES;
				CLANG_WARN_OBJC_LITERAL_CONVERSION = YES;
				CLANG_WARN_OBJC_ROOT_CLASS = YES_ERROR;
				CLANG_WARN_QUOTED_INCLUDE_IN_FRAMEWORK_HEADER = YES;
				CLANG_WARN_RANGE_LOOP_ANALYSIS = YES;
				CLANG_WARN_STRICT_PROTOTYPES = YES;
				CLANG_WARN_SUSPICIOUS_MOVE = YES;
				CLANG_WARN_UNGUARDED_AVAILABILITY = YES_AGGRESSIVE;
				CLANG_WARN_UNREACHABLE_CODE = YES;
				CLANG_WARN__DUPLICATE_METHOD_MATCH = YES;
				COPY_PHASE_STRIP = NO;
				DEAD_CODE_STRIPPING = YES;
				DEBUG_INFORMATION_FORMAT = "dwarf-with-dsym";
				ENABLE_NS_ASSERTIONS = NO;
				ENABLE_STRICT_OBJC_MSGSEND = YES;
				ENABLE_USER_SCRIPT_SANDBOXING = YES;
				GCC_C_LANGUAGE_STANDARD = gnu17;
				GCC_NO_COMMON_BLOCKS = YES;
				GCC_WARN_64_TO_32_BIT_CONVERSION = YES;
				GCC_WARN_ABOUT_RETURN_TYPE = YES_ERROR;
				GCC_WARN_UNDECLARED_SELECTOR = YES;
				GCC_WARN_UNINITIALIZED_AUTOS = YES_AGGRESSIVE;
				GCC_WARN_UNUSED_FUNCTION = YES;
				GCC_WARN_UNUSED_VARIABLE = YES;
				GENERATE_INFOPLIST_FILE = YES;
				LOCALIZATION_PREFERS_STRING_CATALOGS = YES;
				MTL_ENABLE_DEBUG_INFO = NO;
				MTL_FAST_MATH = YES;
				NEW_SETTING = "";
				SWIFT_COMPILATION_MODE = wholemodule;
			};
			name = Release;
		};
		FA529C702BA1D253000200F5 /* Debug */ = {
			isa = XCBuildConfiguration;
			buildSettings = {
				ASSETCATALOG_COMPILER_APPICON_NAME = AppIcon;
				ASSETCATALOG_COMPILER_GLOBAL_ACCENT_COLOR_NAME = AccentColor;
				CODE_SIGN_ENTITLEMENTS = JoyfillExample/JoyfillExample.entitlements;
				CODE_SIGN_IDENTITY = "Apple Development";
				CODE_SIGN_STYLE = Automatic;
				CURRENT_PROJECT_VERSION = 18;
				DEAD_CODE_STRIPPING = YES;
				DEVELOPMENT_ASSET_PATHS = "\"JoyfillExample/Preview Content\"";
				DEVELOPMENT_TEAM = Z928FCJVR4;
				ENABLE_PREVIEWS = YES;
				GENERATE_INFOPLIST_FILE = YES;
				INFOPLIST_KEY_NSCameraUsageDescription = "We need access to the camera to scan text.";
				"INFOPLIST_KEY_UIApplicationSceneManifest_Generation[sdk=iphoneos*]" = YES;
				"INFOPLIST_KEY_UIApplicationSceneManifest_Generation[sdk=iphonesimulator*]" = YES;
				"INFOPLIST_KEY_UIApplicationSupportsIndirectInputEvents[sdk=iphoneos*]" = YES;
				"INFOPLIST_KEY_UIApplicationSupportsIndirectInputEvents[sdk=iphonesimulator*]" = YES;
				"INFOPLIST_KEY_UILaunchScreen_Generation[sdk=iphoneos*]" = YES;
				"INFOPLIST_KEY_UILaunchScreen_Generation[sdk=iphonesimulator*]" = YES;
				"INFOPLIST_KEY_UIStatusBarStyle[sdk=iphoneos*]" = UIStatusBarStyleDefault;
				"INFOPLIST_KEY_UIStatusBarStyle[sdk=iphonesimulator*]" = UIStatusBarStyleDefault;
				INFOPLIST_KEY_UISupportedInterfaceOrientations_iPad = "UIInterfaceOrientationPortrait UIInterfaceOrientationPortraitUpsideDown UIInterfaceOrientationLandscapeLeft UIInterfaceOrientationLandscapeRight";
				INFOPLIST_KEY_UISupportedInterfaceOrientations_iPhone = "UIInterfaceOrientationPortrait UIInterfaceOrientationLandscapeLeft UIInterfaceOrientationLandscapeRight";
				IPHONEOS_DEPLOYMENT_TARGET = 15.0;
				LD_RUNPATH_SEARCH_PATHS = "@executable_path/Frameworks";
				"LD_RUNPATH_SEARCH_PATHS[sdk=macosx*]" = "@executable_path/../Frameworks";
				MACOSX_DEPLOYMENT_TARGET = 14.2;
				MARKETING_VERSION = 1.4;
				PRODUCT_BUNDLE_IDENTIFIER = Joyfill.JoyfillExample;
				"PRODUCT_BUNDLE_IDENTIFIER[sdk=iphoneos*]" = com.joyfill;
				PRODUCT_NAME = "$(TARGET_NAME)";
				PROVISIONING_PROFILE_SPECIFIER = "";
				SDKROOT = auto;
				SUPPORTED_PLATFORMS = "iphoneos iphonesimulator macosx";
				SWIFT_EMIT_LOC_STRINGS = YES;
				SWIFT_VERSION = 5.0;
				TARGETED_DEVICE_FAMILY = "1,2";
			};
			name = Debug;
		};
		FA529C712BA1D253000200F5 /* Release */ = {
			isa = XCBuildConfiguration;
			buildSettings = {
				ASSETCATALOG_COMPILER_APPICON_NAME = AppIcon;
				ASSETCATALOG_COMPILER_GLOBAL_ACCENT_COLOR_NAME = AccentColor;
				CODE_SIGN_ENTITLEMENTS = JoyfillExample/JoyfillExample.entitlements;
				CODE_SIGN_IDENTITY = "Apple Development";
				CODE_SIGN_STYLE = Automatic;
				CURRENT_PROJECT_VERSION = 18;
				DEAD_CODE_STRIPPING = YES;
				DEVELOPMENT_ASSET_PATHS = "\"JoyfillExample/Preview Content\"";
				DEVELOPMENT_TEAM = Z928FCJVR4;
				ENABLE_PREVIEWS = YES;
				GENERATE_INFOPLIST_FILE = YES;
				INFOPLIST_KEY_NSCameraUsageDescription = "We need access to the camera to scan text.";
				"INFOPLIST_KEY_UIApplicationSceneManifest_Generation[sdk=iphoneos*]" = YES;
				"INFOPLIST_KEY_UIApplicationSceneManifest_Generation[sdk=iphonesimulator*]" = YES;
				"INFOPLIST_KEY_UIApplicationSupportsIndirectInputEvents[sdk=iphoneos*]" = YES;
				"INFOPLIST_KEY_UIApplicationSupportsIndirectInputEvents[sdk=iphonesimulator*]" = YES;
				"INFOPLIST_KEY_UILaunchScreen_Generation[sdk=iphoneos*]" = YES;
				"INFOPLIST_KEY_UILaunchScreen_Generation[sdk=iphonesimulator*]" = YES;
				"INFOPLIST_KEY_UIStatusBarStyle[sdk=iphoneos*]" = UIStatusBarStyleDefault;
				"INFOPLIST_KEY_UIStatusBarStyle[sdk=iphonesimulator*]" = UIStatusBarStyleDefault;
				INFOPLIST_KEY_UISupportedInterfaceOrientations_iPad = "UIInterfaceOrientationPortrait UIInterfaceOrientationPortraitUpsideDown UIInterfaceOrientationLandscapeLeft UIInterfaceOrientationLandscapeRight";
				INFOPLIST_KEY_UISupportedInterfaceOrientations_iPhone = "UIInterfaceOrientationPortrait UIInterfaceOrientationLandscapeLeft UIInterfaceOrientationLandscapeRight";
				IPHONEOS_DEPLOYMENT_TARGET = 15.0;
				LD_RUNPATH_SEARCH_PATHS = "@executable_path/Frameworks";
				"LD_RUNPATH_SEARCH_PATHS[sdk=macosx*]" = "@executable_path/../Frameworks";
				MACOSX_DEPLOYMENT_TARGET = 14.2;
				MARKETING_VERSION = 1.4;
				PRODUCT_BUNDLE_IDENTIFIER = Joyfill.JoyfillExample;
				"PRODUCT_BUNDLE_IDENTIFIER[sdk=iphoneos*]" = com.joyfill;
				PRODUCT_NAME = "$(TARGET_NAME)";
				PROVISIONING_PROFILE_SPECIFIER = "";
				SDKROOT = auto;
				SUPPORTED_PLATFORMS = "iphoneos iphonesimulator macosx";
				SWIFT_EMIT_LOC_STRINGS = YES;
				SWIFT_VERSION = 5.0;
				TARGETED_DEVICE_FAMILY = "1,2";
			};
			name = Release;
		};
/* End XCBuildConfiguration section */

/* Begin XCConfigurationList section */
		1307CF212BE36ECE00B19FBA /* Build configuration list for PBXNativeTarget "JoyfillUITests" */ = {
			isa = XCConfigurationList;
			buildConfigurations = (
				1307CF222BE36ECE00B19FBA /* Debug */,
				1307CF232BE36ECE00B19FBA /* Release */,
			);
			defaultConfigurationIsVisible = 0;
			defaultConfigurationName = Release;
		};
		134FC07F2BDA82E9008B7030 /* Build configuration list for PBXNativeTarget "JoyfillTests" */ = {
			isa = XCConfigurationList;
			buildConfigurations = (
				134FC07D2BDA82E9008B7030 /* Debug */,
				134FC07E2BDA82E9008B7030 /* Release */,
			);
			defaultConfigurationIsVisible = 0;
			defaultConfigurationName = Release;
		};
		FA529C452BA1D251000200F5 /* Build configuration list for PBXProject "JoyfillExample" */ = {
			isa = XCConfigurationList;
			buildConfigurations = (
				FA529C6D2BA1D253000200F5 /* Debug */,
				FA529C6E2BA1D253000200F5 /* Release */,
			);
			defaultConfigurationIsVisible = 0;
			defaultConfigurationName = Release;
		};
		FA529C6F2BA1D253000200F5 /* Build configuration list for PBXNativeTarget "JoyfillExample" */ = {
			isa = XCConfigurationList;
			buildConfigurations = (
				FA529C702BA1D253000200F5 /* Debug */,
				FA529C712BA1D253000200F5 /* Release */,
			);
			defaultConfigurationIsVisible = 0;
			defaultConfigurationName = Release;
		};
/* End XCConfigurationList section */

/* Begin XCLocalSwiftPackageReference section */
		132493782BA570F9002C6ADC /* XCLocalSwiftPackageReference ".." */ = {
			isa = XCLocalSwiftPackageReference;
			relativePath = ..;
		};
		36C6F4C32CEF4CEC001765CF /* XCLocalSwiftPackageReference "../../JoyfillModel" */ = {
			isa = XCLocalSwiftPackageReference;
			relativePath = ../../JoyfillModel;
		};
/* End XCLocalSwiftPackageReference section */

/* Begin XCRemoteSwiftPackageReference section */
		36CFA05C2CE493E600B7DE34 /* XCRemoteSwiftPackageReference "JoyfillAPIService" */ = {
			isa = XCRemoteSwiftPackageReference;
			repositoryURL = "https://github.com/joyfill/JoyfillAPIService";
			requirement = {
				kind = upToNextMajorVersion;
				minimumVersion = 1.0.7;
			};
		};
/* End XCRemoteSwiftPackageReference section */

/* Begin XCSwiftPackageProductDependency section */
		048149F92CDA8F8E0061FBDC /* JoyfillModel */ = {
			isa = XCSwiftPackageProductDependency;
			productName = JoyfillModel;
		};
		048149FC2CDA8F9A0061FBDC /* JoyfillAPIService */ = {
			isa = XCSwiftPackageProductDependency;
			productName = JoyfillAPIService;
		};
		132493792BA570F9002C6ADC /* Joyfill */ = {
			isa = XCSwiftPackageProductDependency;
			productName = Joyfill;
		};
		1324937C2BAD5A42002C6ADC /* JoyfillModel */ = {
			isa = XCSwiftPackageProductDependency;
			productName = JoyfillModel;
		};
		360BC7F52C3E88E500735516 /* JoyfillAPIService */ = {
			isa = XCSwiftPackageProductDependency;
			productName = JoyfillAPIService;
		};
		360BC7F82C3E896D00735516 /* JoyfillModel */ = {
			isa = XCSwiftPackageProductDependency;
			productName = JoyfillModel;
		};
		3622113F2BCEB10200BD98B5 /* JoyfillAPIService */ = {
			isa = XCSwiftPackageProductDependency;
			productName = JoyfillAPIService;
		};
		36294F192BD67884006C03A6 /* JoyfillModel */ = {
			isa = XCSwiftPackageProductDependency;
			productName = JoyfillModel;
		};
		36294F1C2BD67FC4006C03A6 /* JoyfillAPIService */ = {
			isa = XCSwiftPackageProductDependency;
			productName = JoyfillAPIService;
		};
		363AEF6F2C510DF00082359B /* JoyfillAPIService */ = {
			isa = XCSwiftPackageProductDependency;
			productName = JoyfillAPIService;
		};
		364300EC2C510BEC00BA870F /* JoyfillAPIService */ = {
			isa = XCSwiftPackageProductDependency;
			productName = JoyfillAPIService;
		};
		364300EF2C510C4200BA870F /* JoyfillModel */ = {
			isa = XCSwiftPackageProductDependency;
			productName = JoyfillModel;
		};
		366190892BF239BD006ED7CF /* JoyfillModel */ = {
			isa = XCSwiftPackageProductDependency;
			productName = JoyfillModel;
		};
		36C6F4C42CEF4CEC001765CF /* JoyfillModel */ = {
			isa = XCSwiftPackageProductDependency;
			productName = JoyfillModel;
		};
		36C6F4C62CEF4DD8001765CF /* JoyfillModel */ = {
			isa = XCSwiftPackageProductDependency;
			package = 36C6F4C32CEF4CEC001765CF /* XCLocalSwiftPackageReference "../../JoyfillModel" */;
			productName = JoyfillModel;
		};
		36CFA0522CE2068300B7DE34 /* JoyfillModel */ = {
			isa = XCSwiftPackageProductDependency;
			productName = JoyfillModel;
		};
		36CFA05A2CE4936100B7DE34 /* JoyfillAPIService */ = {
			isa = XCSwiftPackageProductDependency;
			productName = JoyfillAPIService;
		};
		36CFA05D2CE493E600B7DE34 /* JoyfillAPIService */ = {
			isa = XCSwiftPackageProductDependency;
			package = 36CFA05C2CE493E600B7DE34 /* XCRemoteSwiftPackageReference "JoyfillAPIService" */;
			productName = JoyfillAPIService;
		};
		FA1FEAE12BA466CB00ABD018 /* Joyfill */ = {
			isa = XCSwiftPackageProductDependency;
			productName = Joyfill;
		};
		FA1FEAEA2BA46C1200ABD018 /* Joyfill */ = {
			isa = XCSwiftPackageProductDependency;
			productName = Joyfill;
		};
		FA1FEAED2BA4C1F300ABD018 /* Joyfill */ = {
			isa = XCSwiftPackageProductDependency;
			productName = Joyfill;
		};
		FA1FEAF02BA4C34800ABD018 /* Joyfill */ = {
			isa = XCSwiftPackageProductDependency;
			productName = Joyfill;
		};
		FA28C95E2BB18F1600A2D65C /* JoyfillAPIService */ = {
			isa = XCSwiftPackageProductDependency;
			productName = JoyfillAPIService;
		};
		FA28C96D2BB4456300A2D65C /* JoyfillAPIService */ = {
			isa = XCSwiftPackageProductDependency;
			productName = JoyfillAPIService;
		};
		FA28C9702BB4456D00A2D65C /* JoyfillModel */ = {
			isa = XCSwiftPackageProductDependency;
			productName = JoyfillModel;
		};
		FA529C812BA1D2D2000200F5 /* Joyfill */ = {
			isa = XCSwiftPackageProductDependency;
			productName = Joyfill;
		};
		FAACBA5F2BA1D3AD00B610AB /* Joyfill */ = {
			isa = XCSwiftPackageProductDependency;
			productName = Joyfill;
		};
/* End XCSwiftPackageProductDependency section */
	};
	rootObject = FA529C422BA1D251000200F5 /* Project object */;
}
