{
  "pins" : [
    {
      "identity" : "components-swift",
      "kind" : "remoteSourceControl",
      "location" : "https://github.com/joyfill/components-swift",
      "state" : {
        "branch" : "main",
        "revision" : "7bef2ea9b09a6fdcb360551c97a241234b6f5634"
      }
    },
    {
      "identity" : "joyfillapiservice",
      "kind" : "remoteSourceControl",
      "location" : "https://github.com/joyfill/JoyfillAPIService",
      "state" : {
        "branch" : "main",
        "revision" : "5751e67024ca821b35b6640a877d463928635edc"
      }
    },
    {
      "identity" : "joyfillmodel",
      "kind" : "remoteSourceControl",
      "location" : "https://github.com/joyfill/JoyfillModel",
      "state" : {
        "branch" : "main",
        "revision" : "43ea82a6b9cbe9d6a300f16b35267628d5fb2f35"
      }
    }
  ],
  "version" : 2
}
