{
  "pins" : [
    {
      "identity" : "components-swift-models",
      "kind" : "remoteSourceControl",
      "location" : "https://github.com/joyfill/components-swift-models",
      "state" : {
        "branch" : "main",
        "revision" : "3e6fd581217a1acd8cbb4f514309937a6ae0dc01"
      }
    }
  ],
  "version" : 2
}
